{
  "object": {
    "pins": [
      {
        "package": "Persist",
        "repositoryURL": "https://github.com/JosephDuffy/Persist.git",
        "state": {
          "branch": "swiftui-support-xcode-13-beta3",
          "revision": "76e09be9a4b0ba556f2c282e933a0d6530a25c20",
          "version": null
        }
      }
    ]
  },
  "version": 1
}
