{
  "object": {
    "pins": [
      {
        "package": "Persist",
        "repositoryURL": "https://github.com/JosephDuffy/Persist.git",
        "state": {
          "branch": "master",
          "revision": "703c699d90d84c8c901846d9e1f31158aeb810ea",
          "version": null
        }
      }
    ]
  },
  "version": 1
}
