// !$*UTF8*$!
{
	archiveVersion = 1;
	classes = {
	};
	objectVersion = 55;
	objects = {

/* Begin PBXBuildFile section */
		D939C26F26A92C8700CE8AC6 /* SurveyView.swift in Sources */ = {isa = PBXBuildFile; fileRef = D939C26E26A92C8700CE8AC6 /* SurveyView.swift */; };
		D939C27126A92F1B00CE8AC6 /* SurveyPricesProvider.swift in Sources */ = {isa = PBXBuildFile; fileRef = D939C27026A92F1B00CE8AC6 /* SurveyPricesProvider.swift */; };
		D945BC1326F2B49C00F1FDF8 /* ClearBasicStatisticsView.swift in Sources */ = {isa = PBXBuildFile; fileRef = D945BC1226F2B49C00F1FDF8 /* ClearBasicStatisticsView.swift */; };
		D94E168826B4D7A300294B9D /* options.html in Resources */ = {isa = PBXBuildFile; fileRef = D94E168626B4D6B900294B9D /* options.html */; };
		D94E169026B5F66E00294B9D /* SettingsView.swift in Sources */ = {isa = PBXBuildFile; fileRef = D94E168F26B5F66D00294B9D /* SettingsView.swift */; };
		D94E169226B5F70A00294B9D /* AdvancedStatisticsView.swift in Sources */ = {isa = PBXBuildFile; fileRef = D94E169126B5F70A00294B9D /* AdvancedStatisticsView.swift */; };
		D95A92A4271C469400B8FA79 /* WidgetKit.framework in Frameworks */ = {isa = PBXBuildFile; fileRef = D95A92A3271C469400B8FA79 /* WidgetKit.framework */; };
		D95A92A6271C469400B8FA79 /* SwiftUI.framework in Frameworks */ = {isa = PBXBuildFile; fileRef = D95A92A5271C469400B8FA79 /* SwiftUI.framework */; };
		D95A92A9271C469400B8FA79 /* Widgets.swift in Sources */ = {isa = PBXBuildFile; fileRef = D95A92A8271C469400B8FA79 /* Widgets.swift */; };
		D95A92AC271C469700B8FA79 /* Assets.xcassets in Resources */ = {isa = PBXBuildFile; fileRef = D95A92AB271C469700B8FA79 /* Assets.xcassets */; };
		D95A92AE271C469700B8FA79 /* Widgets.intentdefinition in Sources */ = {isa = PBXBuildFile; fileRef = D95A92AA271C469400B8FA79 /* Widgets.intentdefinition */; };
		D95A92AF271C469700B8FA79 /* Widgets.intentdefinition in Sources */ = {isa = PBXBuildFile; fileRef = D95A92AA271C469400B8FA79 /* Widgets.intentdefinition */; };
		D95A92B7271C46F100B8FA79 /* Persist in Frameworks */ = {isa = PBXBuildFile; productRef = D95A92B6271C46F100B8FA79 /* Persist */; };
		D95A92B9271C470100B8FA79 /* OverampedCore in Frameworks */ = {isa = PBXBuildFile; productRef = D95A92B8271C470100B8FA79 /* OverampedCore */; };
		D95A92BC271C5DC000B8FA79 /* Localizable.stringsdict in Resources */ = {isa = PBXBuildFile; fileRef = D95A92BA271C5DA500B8FA79 /* Localizable.stringsdict */; };
		D963DAEE26BDBFC300AFCDC8 /* popup.html in Copy Popup Root */ = {isa = PBXBuildFile; fileRef = D963DACF26BDBDA000AFCDC8 /* popup.html */; };
		D963DAEF26BDBFC300AFCDC8 /* global.css in Copy Popup Root */ = {isa = PBXBuildFile; fileRef = D963DAD026BDBDA000AFCDC8 /* global.css */; };
		D963DAF126BDBFCE00AFCDC8 /* bundle.js in Copy Popup Build */ = {isa = PBXBuildFile; fileRef = D963DAD526BDBDA000AFCDC8 /* bundle.js */; };
		D963DAF426BF5C3800AFCDC8 /* Acknowledgements.swift in Sources */ = {isa = PBXBuildFile; fileRef = D963DAF326BF5C3800AFCDC8 /* Acknowledgements.swift */; };
		D96BF7DA26B3C6FE00E6EBE9 /* Localizable.stringsdict in Resources */ = {isa = PBXBuildFile; fileRef = D96BF7DC26B3C6FE00E6EBE9 /* Localizable.stringsdict */; };
		D96BF7DE26B3CA2900E6EBE9 /* AboutView.swift in Sources */ = {isa = PBXBuildFile; fileRef = D96BF7DD26B3CA2800E6EBE9 /* AboutView.swift */; };
		D96BF7E026B3CD5E00E6EBE9 /* SafariView.swift in Sources */ = {isa = PBXBuildFile; fileRef = D96BF7DF26B3CD5E00E6EBE9 /* SafariView.swift */; };
		D984BB9B26A8F54200500856 /* IgnoredHostnamesView.swift in Sources */ = {isa = PBXBuildFile; fileRef = D984BB9A26A8F54200500856 /* IgnoredHostnamesView.swift */; };
		D994C63826A13682000649AA /* TipJarStore.swift in Sources */ = {isa = PBXBuildFile; fileRef = D994C63726A13682000649AA /* TipJarStore.swift */; };
		D994C63B26A1EF9B000649AA /* TipJarView.swift in Sources */ = {isa = PBXBuildFile; fileRef = D994C63A26A1EF9A000649AA /* TipJarView.swift */; };
		D994C64126A26C6E000649AA /* OverampedCore in Frameworks */ = {isa = PBXBuildFile; productRef = D994C64026A26C6E000649AA /* OverampedCore */; };
		D994C64326A26D29000649AA /* OverampedCoreImport.swift in Sources */ = {isa = PBXBuildFile; fileRef = D994C64226A26D29000649AA /* OverampedCoreImport.swift */; };
		D99B9AFD26C5882000619FC7 /* Persist in Frameworks */ = {isa = PBXBuildFile; productRef = D99B9AFC26C5882000619FC7 /* Persist */; };
		D9A2FA0B26D997A5007F9F9E /* Overamped_Screenshots.swift in Sources */ = {isa = PBXBuildFile; fileRef = D9A2FA0A26D997A5007F9F9E /* Overamped_Screenshots.swift */; };
		D9A2FA1626D99813007F9F9E /* SnapshotHelper.swift in Sources */ = {isa = PBXBuildFile; fileRef = D9A2FA1526D99813007F9F9E /* SnapshotHelper.swift */; };
		D9A2FA1826D99A09007F9F9E /* Persist in Frameworks */ = {isa = PBXBuildFile; productRef = D9A2FA1726D99A09007F9F9E /* Persist */; };
		D9A2FA1A26D99A0C007F9F9E /* OverampedCore in Frameworks */ = {isa = PBXBuildFile; productRef = D9A2FA1926D99A0C007F9F9E /* OverampedCore */; };
		D9A86AA82754355E0053652F /* content-script.js in Resources */ = {isa = PBXBuildFile; fileRef = D9A86AA72754355E0053652F /* content-script.js */; };
		D9A90D042708A5A400183C48 /* EventsLogView.swift in Sources */ = {isa = PBXBuildFile; fileRef = D9A90D032708A5A400183C48 /* EventsLogView.swift */; };
		D9A9141026C7809C00C34C30 /* TipOptionView.swift in Sources */ = {isa = PBXBuildFile; fileRef = D9A9140F26C7809C00C34C30 /* TipOptionView.swift */; };
		D9A9141826C8A59500C34C30 /* FAQView.swift in Sources */ = {isa = PBXBuildFile; fileRef = D9A9141726C8A59400C34C30 /* FAQView.swift */; };
		D9AB29B427B0899C00173BB6 /* Settings.bundle in Resources */ = {isa = PBXBuildFile; fileRef = D9AB29B327B0899C00173BB6 /* Settings.bundle */; };
		D9AB8C03269A626A00D225F8 /* FeedbackForm.swift in Sources */ = {isa = PBXBuildFile; fileRef = D9AB8C02269A626A00D225F8 /* FeedbackForm.swift */; };
		D9AB8C05269A62D800D225F8 /* OverampedApp.swift in Sources */ = {isa = PBXBuildFile; fileRef = D9AB8C04269A62D800D225F8 /* OverampedApp.swift */; };
		D9AB8C07269A7F7C00D225F8 /* InstallationInstructionsView.swift in Sources */ = {isa = PBXBuildFile; fileRef = D9AB8C06269A7F7C00D225F8 /* InstallationInstructionsView.swift */; };
		D9AB8C09269A895500D225F8 /* OverampedTabs.swift in Sources */ = {isa = PBXBuildFile; fileRef = D9AB8C08269A895500D225F8 /* OverampedTabs.swift */; };
		D9B8EC0326A29F2800C1243E /* background.js in Resources */ = {isa = PBXBuildFile; fileRef = D9B8EC0226A29F2800C1243E /* background.js */; };
		D9B8EC0626A3E42E00C1243E /* Persist in Frameworks */ = {isa = PBXBuildFile; productRef = D9B8EC0526A3E42E00C1243E /* Persist */; };
		D9B9D5912698B1F600F7D361 /* Overamped_Extension_UI_Tests.swift in Sources */ = {isa = PBXBuildFile; fileRef = D9B9D5902698B1F600F7D361 /* Overamped_Extension_UI_Tests.swift */; };
		D9CAB14826ED23E4004A1CCD /* QuestionView.swift in Sources */ = {isa = PBXBuildFile; fileRef = D9CAB14726ED23E4004A1CCD /* QuestionView.swift */; };
		D9CC9D9D26AA79DA00FE447C /* SurveyAnswers.swift in Sources */ = {isa = PBXBuildFile; fileRef = D9CC9D9C26AA79DA00FE447C /* SurveyAnswers.swift */; };
		D9CC9D9F26AA943300FE447C /* ActivityView.swift in Sources */ = {isa = PBXBuildFile; fileRef = D9CC9D9E26AA943300FE447C /* ActivityView.swift */; };
		D9CDF0AB26A0F67C006F6B99 /* SupportView.swift in Sources */ = {isa = PBXBuildFile; fileRef = D9CDF0AA26A0F67B006F6B99 /* SupportView.swift */; };
		D9CDF0AF26A10052006F6B99 /* StatisticsView.swift in Sources */ = {isa = PBXBuildFile; fileRef = D9CDF0AE26A10052006F6B99 /* StatisticsView.swift */; };
		D9DC7AEC26B61CB0005C8430 /* OverampedCore in Frameworks */ = {isa = PBXBuildFile; productRef = D9DC7AEB26B61CB0005C8430 /* OverampedCore */; };
		D9DC7AEE26B6532D005C8430 /* ClearAdvancedStatisticsView.swift in Sources */ = {isa = PBXBuildFile; fileRef = D9DC7AED26B6532D005C8430 /* ClearAdvancedStatisticsView.swift */; };
		D9FF5B7C268142B30027BD81 /* LaunchScreen.storyboard in Resources */ = {isa = PBXBuildFile; fileRef = D9FF5B7A268142B30027BD81 /* LaunchScreen.storyboard */; };
		D9FF5B87268142B90027BD81 /* Overamped Extension.appex in Embed App Extensions */ = {isa = PBXBuildFile; fileRef = D9FF5B86268142B90027BD81 /* Overamped Extension.appex */; settings = {ATTRIBUTES = (RemoveHeadersOnCopy, ); }; };
		D9FF5B8C268142B90027BD81 /* SafariWebExtensionHandler.swift in Sources */ = {isa = PBXBuildFile; fileRef = D9FF5B8B268142B90027BD81 /* SafariWebExtensionHandler.swift */; };
		D9FF5B8F268142B90027BD81 /* _locales in Resources */ = {isa = PBXBuildFile; fileRef = D9FF5B8E268142B90027BD81 /* _locales */; };
		D9FF5B91268142B90027BD81 /* images in Resources */ = {isa = PBXBuildFile; fileRef = D9FF5B90268142B90027BD81 /* images */; };
		D9FF5B93268142B90027BD81 /* manifest.json in Resources */ = {isa = PBXBuildFile; fileRef = D9FF5B92268142B90027BD81 /* manifest.json */; };
		D9FF5B9F268142B90027BD81 /* Assets.xcassets in Resources */ = {isa = PBXBuildFile; fileRef = D9FF5B80268142B90027BD81 /* Assets.xcassets */; };
/* End PBXBuildFile section */

/* Begin PBXContainerItemProxy section */
		D9A2FA0E26D997A5007F9F9E /* PBXContainerItemProxy */ = {
			isa = PBXContainerItemProxy;
			containerPortal = D9FF5B61268142B30027BD81 /* Project object */;
			proxyType = 1;
			remoteGlobalIDString = D9FF5B68268142B30027BD81;
			remoteInfo = Overamped;
		};
		D9B9D5922698B1F600F7D361 /* PBXContainerItemProxy */ = {
			isa = PBXContainerItemProxy;
			containerPortal = D9FF5B61268142B30027BD81 /* Project object */;
			proxyType = 1;
			remoteGlobalIDString = D9FF5B68268142B30027BD81;
			remoteInfo = Overamped;
		};
		D9FF5B88268142B90027BD81 /* PBXContainerItemProxy */ = {
			isa = PBXContainerItemProxy;
			containerPortal = D9FF5B61268142B30027BD81 /* Project object */;
			proxyType = 1;
			remoteGlobalIDString = D9FF5B85268142B90027BD81;
			remoteInfo = "Overamped Extension";
		};
/* End PBXContainerItemProxy section */

/* Begin PBXCopyFilesBuildPhase section */
		D90B5DDC27A507D100C84891 /* CopyFiles */ = {
			isa = PBXCopyFilesBuildPhase;
			buildActionMask = 2147483647;
			dstPath = "";
			dstSubfolderSpec = 7;
			files = (
			);
			runOnlyForDeploymentPostprocessing = 0;
		};
		D963DAE426BDBEB300AFCDC8 /* Copy Popup Root */ = {
			isa = PBXCopyFilesBuildPhase;
			buildActionMask = 2147483647;
			dstPath = popup;
			dstSubfolderSpec = 1;
			files = (
				D963DAEE26BDBFC300AFCDC8 /* popup.html in Copy Popup Root */,
				D963DAEF26BDBFC300AFCDC8 /* global.css in Copy Popup Root */,
			);
			name = "Copy Popup Root";
			runOnlyForDeploymentPostprocessing = 0;
		};
		D963DAEA26BDBEF700AFCDC8 /* Copy Popup Build */ = {
			isa = PBXCopyFilesBuildPhase;
			buildActionMask = 2147483647;
			dstPath = popup/build;
			dstSubfolderSpec = 1;
			files = (
				D963DAF126BDBFCE00AFCDC8 /* bundle.js in Copy Popup Build */,
			);
			name = "Copy Popup Build";
			runOnlyForDeploymentPostprocessing = 0;
		};
		D9FF5BA5268142B90027BD81 /* Embed App Extensions */ = {
			isa = PBXCopyFilesBuildPhase;
			buildActionMask = 2147483647;
			dstPath = "";
			dstSubfolderSpec = 13;
			files = (
				D9FF5B87268142B90027BD81 /* Overamped Extension.appex in Embed App Extensions */,
			);
			name = "Embed App Extensions";
			runOnlyForDeploymentPostprocessing = 0;
		};
/* End PBXCopyFilesBuildPhase section */

/* Begin PBXFileReference section */
		D939C26E26A92C8700CE8AC6 /* SurveyView.swift */ = {isa = PBXFileReference; lastKnownFileType = sourcecode.swift; path = SurveyView.swift; sourceTree = "<group>"; };
		D939C27026A92F1B00CE8AC6 /* SurveyPricesProvider.swift */ = {isa = PBXFileReference; lastKnownFileType = sourcecode.swift; path = SurveyPricesProvider.swift; sourceTree = "<group>"; };
		D945BC1226F2B49C00F1FDF8 /* ClearBasicStatisticsView.swift */ = {isa = PBXFileReference; lastKnownFileType = sourcecode.swift; path = ClearBasicStatisticsView.swift; sourceTree = "<group>"; };
		D94E168626B4D6B900294B9D /* options.html */ = {isa = PBXFileReference; lastKnownFileType = text.html; path = options.html; sourceTree = "<group>"; };
		D94E168F26B5F66D00294B9D /* SettingsView.swift */ = {isa = PBXFileReference; lastKnownFileType = sourcecode.swift; path = SettingsView.swift; sourceTree = "<group>"; };
		D94E169126B5F70A00294B9D /* AdvancedStatisticsView.swift */ = {isa = PBXFileReference; lastKnownFileType = sourcecode.swift; path = AdvancedStatisticsView.swift; sourceTree = "<group>"; };
		D95A92A2271C469400B8FA79 /* WidgetsExtension.appex */ = {isa = PBXFileReference; explicitFileType = "wrapper.app-extension"; includeInIndex = 0; path = WidgetsExtension.appex; sourceTree = BUILT_PRODUCTS_DIR; };
		D95A92A3271C469400B8FA79 /* WidgetKit.framework */ = {isa = PBXFileReference; lastKnownFileType = wrapper.framework; name = WidgetKit.framework; path = System/Library/Frameworks/WidgetKit.framework; sourceTree = SDKROOT; };
		D95A92A5271C469400B8FA79 /* SwiftUI.framework */ = {isa = PBXFileReference; lastKnownFileType = wrapper.framework; name = SwiftUI.framework; path = System/Library/Frameworks/SwiftUI.framework; sourceTree = SDKROOT; };
		D95A92A8271C469400B8FA79 /* Widgets.swift */ = {isa = PBXFileReference; lastKnownFileType = sourcecode.swift; path = Widgets.swift; sourceTree = "<group>"; };
		D95A92AA271C469400B8FA79 /* Widgets.intentdefinition */ = {isa = PBXFileReference; lastKnownFileType = file.intentdefinition; path = Widgets.intentdefinition; sourceTree = "<group>"; };
		D95A92AB271C469700B8FA79 /* Assets.xcassets */ = {isa = PBXFileReference; lastKnownFileType = folder.assetcatalog; path = Assets.xcassets; sourceTree = "<group>"; };
		D95A92AD271C469700B8FA79 /* Info.plist */ = {isa = PBXFileReference; lastKnownFileType = text.plist.xml; path = Info.plist; sourceTree = "<group>"; };
		D95A92BB271C5DA500B8FA79 /* en */ = {isa = PBXFileReference; lastKnownFileType = text.plist.stringsdict; name = en; path = en.lproj/Localizable.stringsdict; sourceTree = "<group>"; };
		D95A92BD271C62E800B8FA79 /* WidgetsExtension.entitlements */ = {isa = PBXFileReference; lastKnownFileType = text.plist.entitlements; path = WidgetsExtension.entitlements; sourceTree = "<group>"; };
		D963DACC26BDBDA000AFCDC8 /* README.md */ = {isa = PBXFileReference; lastKnownFileType = net.daringfireball.markdown; path = README.md; sourceTree = "<group>"; };
		D963DACF26BDBDA000AFCDC8 /* popup.html */ = {isa = PBXFileReference; lastKnownFileType = text.html; path = popup.html; sourceTree = "<group>"; };
		D963DAD026BDBDA000AFCDC8 /* global.css */ = {isa = PBXFileReference; lastKnownFileType = text.css; path = global.css; sourceTree = "<group>"; };
		D963DAD526BDBDA000AFCDC8 /* bundle.js */ = {isa = PBXFileReference; lastKnownFileType = sourcecode.javascript; path = bundle.js; sourceTree = "<group>"; };
		D963DAD626BDBDA000AFCDC8 /* .gitignore */ = {isa = PBXFileReference; lastKnownFileType = text; path = .gitignore; sourceTree = "<group>"; };
		D963DAD926BDBDA000AFCDC8 /* tsconfig.json */ = {isa = PBXFileReference; lastKnownFileType = text.json; path = tsconfig.json; sourceTree = "<group>"; };
		D963DADD26BDBDA000AFCDC8 /* main.ts */ = {isa = PBXFileReference; lastKnownFileType = text; path = main.ts; sourceTree = "<group>"; };
		D963DADE26BDBDA000AFCDC8 /* App.svelte */ = {isa = PBXFileReference; lastKnownFileType = text; path = App.svelte; sourceTree = "<group>"; };
		D963DADF26BDBDA000AFCDC8 /* global.d.ts */ = {isa = PBXFileReference; lastKnownFileType = text; path = global.d.ts; sourceTree = "<group>"; };
		D963DAF326BF5C3800AFCDC8 /* Acknowledgements.swift */ = {isa = PBXFileReference; lastKnownFileType = sourcecode.swift; path = Acknowledgements.swift; sourceTree = "<group>"; };
		D96BF7DB26B3C6FE00E6EBE9 /* en */ = {isa = PBXFileReference; lastKnownFileType = text.plist.stringsdict; name = en; path = en.lproj/Localizable.stringsdict; sourceTree = "<group>"; };
		D96BF7DD26B3CA2800E6EBE9 /* AboutView.swift */ = {isa = PBXFileReference; lastKnownFileType = sourcecode.swift; path = AboutView.swift; sourceTree = "<group>"; };
		D96BF7DF26B3CD5E00E6EBE9 /* SafariView.swift */ = {isa = PBXFileReference; lastKnownFileType = sourcecode.swift; path = SafariView.swift; sourceTree = "<group>"; };
		D984BB9A26A8F54200500856 /* IgnoredHostnamesView.swift */ = {isa = PBXFileReference; lastKnownFileType = sourcecode.swift; path = IgnoredHostnamesView.swift; sourceTree = "<group>"; };
		D994C63726A13682000649AA /* TipJarStore.swift */ = {isa = PBXFileReference; lastKnownFileType = sourcecode.swift; path = TipJarStore.swift; sourceTree = "<group>"; };
		D994C63926A143F8000649AA /* Products.storekit */ = {isa = PBXFileReference; lastKnownFileType = text; path = Products.storekit; sourceTree = "<group>"; };
		D994C63A26A1EF9A000649AA /* TipJarView.swift */ = {isa = PBXFileReference; lastKnownFileType = sourcecode.swift; path = TipJarView.swift; sourceTree = "<group>"; };
		D994C63E26A2686B000649AA /* OverampedCore */ = {isa = PBXFileReference; lastKnownFileType = folder; path = OverampedCore; sourceTree = "<group>"; };
		D994C64226A26D29000649AA /* OverampedCoreImport.swift */ = {isa = PBXFileReference; lastKnownFileType = sourcecode.swift; path = OverampedCoreImport.swift; sourceTree = "<group>"; };
		D9A2FA0826D997A5007F9F9E /* Overamped Screenshots.xctest */ = {isa = PBXFileReference; explicitFileType = wrapper.cfbundle; includeInIndex = 0; path = "Overamped Screenshots.xctest"; sourceTree = BUILT_PRODUCTS_DIR; };
		D9A2FA0A26D997A5007F9F9E /* Overamped_Screenshots.swift */ = {isa = PBXFileReference; lastKnownFileType = sourcecode.swift; path = Overamped_Screenshots.swift; sourceTree = "<group>"; };
		D9A2FA1526D99813007F9F9E /* SnapshotHelper.swift */ = {isa = PBXFileReference; fileEncoding = 4; lastKnownFileType = sourcecode.swift; path = SnapshotHelper.swift; sourceTree = "<group>"; };
		D9A86AA72754355E0053652F /* content-script.js */ = {isa = PBXFileReference; fileEncoding = 4; lastKnownFileType = sourcecode.javascript; path = "content-script.js"; sourceTree = "<group>"; };
		D9A90D032708A5A400183C48 /* EventsLogView.swift */ = {isa = PBXFileReference; lastKnownFileType = sourcecode.swift; path = EventsLogView.swift; sourceTree = "<group>"; };
		D9A9140F26C7809C00C34C30 /* TipOptionView.swift */ = {isa = PBXFileReference; lastKnownFileType = sourcecode.swift; path = TipOptionView.swift; sourceTree = "<group>"; };
		D9A9141726C8A59400C34C30 /* FAQView.swift */ = {isa = PBXFileReference; lastKnownFileType = sourcecode.swift; path = FAQView.swift; sourceTree = "<group>"; };
		D9AB29B327B0899C00173BB6 /* Settings.bundle */ = {isa = PBXFileReference; lastKnownFileType = "wrapper.plug-in"; path = Settings.bundle; sourceTree = "<group>"; };
		D9AB8C02269A626A00D225F8 /* FeedbackForm.swift */ = {isa = PBXFileReference; lastKnownFileType = sourcecode.swift; path = FeedbackForm.swift; sourceTree = "<group>"; };
		D9AB8C04269A62D800D225F8 /* OverampedApp.swift */ = {isa = PBXFileReference; lastKnownFileType = sourcecode.swift; path = OverampedApp.swift; sourceTree = "<group>"; };
		D9AB8C06269A7F7C00D225F8 /* InstallationInstructionsView.swift */ = {isa = PBXFileReference; lastKnownFileType = sourcecode.swift; path = InstallationInstructionsView.swift; sourceTree = "<group>"; };
		D9AB8C08269A895500D225F8 /* OverampedTabs.swift */ = {isa = PBXFileReference; lastKnownFileType = sourcecode.swift; path = OverampedTabs.swift; sourceTree = "<group>"; };
		D9AB8C0A269A8A7C00D225F8 /* Overamped.entitlements */ = {isa = PBXFileReference; lastKnownFileType = text.plist.entitlements; path = Overamped.entitlements; sourceTree = "<group>"; };
		D9B8EBFF26A29DB300C1243E /* Overamped Extension.entitlements */ = {isa = PBXFileReference; lastKnownFileType = text.plist.entitlements; path = "Overamped Extension.entitlements"; sourceTree = "<group>"; };
		D9B8EC0226A29F2800C1243E /* background.js */ = {isa = PBXFileReference; fileEncoding = 4; lastKnownFileType = sourcecode.javascript; path = background.js; sourceTree = "<group>"; };
		D9B9D58E2698B1F500F7D361 /* Overamped Extension UI Tests.xctest */ = {isa = PBXFileReference; explicitFileType = wrapper.cfbundle; includeInIndex = 0; path = "Overamped Extension UI Tests.xctest"; sourceTree = BUILT_PRODUCTS_DIR; };
		D9B9D5902698B1F600F7D361 /* Overamped_Extension_UI_Tests.swift */ = {isa = PBXFileReference; lastKnownFileType = sourcecode.swift; path = Overamped_Extension_UI_Tests.swift; sourceTree = "<group>"; };
		D9CAB14726ED23E4004A1CCD /* QuestionView.swift */ = {isa = PBXFileReference; lastKnownFileType = sourcecode.swift; path = QuestionView.swift; sourceTree = "<group>"; };
		D9CC9D9C26AA79DA00FE447C /* SurveyAnswers.swift */ = {isa = PBXFileReference; lastKnownFileType = sourcecode.swift; path = SurveyAnswers.swift; sourceTree = "<group>"; };
		D9CC9D9E26AA943300FE447C /* ActivityView.swift */ = {isa = PBXFileReference; lastKnownFileType = sourcecode.swift; path = ActivityView.swift; sourceTree = "<group>"; };
		D9CDF0AA26A0F67B006F6B99 /* SupportView.swift */ = {isa = PBXFileReference; lastKnownFileType = sourcecode.swift; path = SupportView.swift; sourceTree = "<group>"; };
		D9CDF0AE26A10052006F6B99 /* StatisticsView.swift */ = {isa = PBXFileReference; lastKnownFileType = sourcecode.swift; path = StatisticsView.swift; sourceTree = "<group>"; };
		D9DC7AED26B6532D005C8430 /* ClearAdvancedStatisticsView.swift */ = {isa = PBXFileReference; lastKnownFileType = sourcecode.swift; path = ClearAdvancedStatisticsView.swift; sourceTree = "<group>"; };
		D9FF5B69268142B30027BD81 /* Overamped.app */ = {isa = PBXFileReference; explicitFileType = wrapper.application; includeInIndex = 0; path = Overamped.app; sourceTree = BUILT_PRODUCTS_DIR; };
		D9FF5B7B268142B30027BD81 /* Base */ = {isa = PBXFileReference; lastKnownFileType = file.storyboard; name = Base; path = Base.lproj/LaunchScreen.storyboard; sourceTree = "<group>"; };
		D9FF5B80268142B90027BD81 /* Assets.xcassets */ = {isa = PBXFileReference; lastKnownFileType = folder.assetcatalog; path = Assets.xcassets; sourceTree = "<group>"; };
		D9FF5B81268142B90027BD81 /* Info.plist */ = {isa = PBXFileReference; lastKnownFileType = text.plist.xml; path = Info.plist; sourceTree = "<group>"; };
		D9FF5B86268142B90027BD81 /* Overamped Extension.appex */ = {isa = PBXFileReference; explicitFileType = "wrapper.app-extension"; includeInIndex = 0; path = "Overamped Extension.appex"; sourceTree = BUILT_PRODUCTS_DIR; };
		D9FF5B8B268142B90027BD81 /* SafariWebExtensionHandler.swift */ = {isa = PBXFileReference; lastKnownFileType = sourcecode.swift; path = SafariWebExtensionHandler.swift; sourceTree = "<group>"; };
		D9FF5B8E268142B90027BD81 /* _locales */ = {isa = PBXFileReference; lastKnownFileType = folder; path = _locales; sourceTree = "<group>"; };
		D9FF5B90268142B90027BD81 /* images */ = {isa = PBXFileReference; lastKnownFileType = folder; path = images; sourceTree = "<group>"; };
		D9FF5B92268142B90027BD81 /* manifest.json */ = {isa = PBXFileReference; lastKnownFileType = text.json; path = manifest.json; sourceTree = "<group>"; };
		D9FF5B9E268142B90027BD81 /* Info.plist */ = {isa = PBXFileReference; lastKnownFileType = text.plist.xml; path = Info.plist; sourceTree = "<group>"; };
/* End PBXFileReference section */

/* Begin PBXFrameworksBuildPhase section */
		D95A929F271C469400B8FA79 /* Frameworks */ = {
			isa = PBXFrameworksBuildPhase;
			buildActionMask = 2147483647;
			files = (
				D95A92B7271C46F100B8FA79 /* Persist in Frameworks */,
				D95A92B9271C470100B8FA79 /* OverampedCore in Frameworks */,
				D95A92A6271C469400B8FA79 /* SwiftUI.framework in Frameworks */,
				D95A92A4271C469400B8FA79 /* WidgetKit.framework in Frameworks */,
			);
			runOnlyForDeploymentPostprocessing = 0;
		};
		D9A2FA0526D997A5007F9F9E /* Frameworks */ = {
			isa = PBXFrameworksBuildPhase;
			buildActionMask = 2147483647;
			files = (
				D9A2FA1826D99A09007F9F9E /* Persist in Frameworks */,
				D9A2FA1A26D99A0C007F9F9E /* OverampedCore in Frameworks */,
			);
			runOnlyForDeploymentPostprocessing = 0;
		};
		D9B9D58B2698B1F500F7D361 /* Frameworks */ = {
			isa = PBXFrameworksBuildPhase;
			buildActionMask = 2147483647;
			files = (
			);
			runOnlyForDeploymentPostprocessing = 0;
		};
		D9FF5B66268142B30027BD81 /* Frameworks */ = {
			isa = PBXFrameworksBuildPhase;
			buildActionMask = 2147483647;
			files = (
				D994C64126A26C6E000649AA /* OverampedCore in Frameworks */,
				D9B8EC0626A3E42E00C1243E /* Persist in Frameworks */,
			);
			runOnlyForDeploymentPostprocessing = 0;
		};
		D9FF5B83268142B90027BD81 /* Frameworks */ = {
			isa = PBXFrameworksBuildPhase;
			buildActionMask = 2147483647;
			files = (
				D9DC7AEC26B61CB0005C8430 /* OverampedCore in Frameworks */,
				D99B9AFD26C5882000619FC7 /* Persist in Frameworks */,
			);
			runOnlyForDeploymentPostprocessing = 0;
		};
/* End PBXFrameworksBuildPhase section */

/* Begin PBXGroup section */
		D95A92A7271C469400B8FA79 /* Widgets */ = {
			isa = PBXGroup;
			children = (
				D95A92A8271C469400B8FA79 /* Widgets.swift */,
				D95A92AA271C469400B8FA79 /* Widgets.intentdefinition */,
				D95A92AB271C469700B8FA79 /* Assets.xcassets */,
				D95A92BD271C62E800B8FA79 /* WidgetsExtension.entitlements */,
				D95A92BA271C5DA500B8FA79 /* Localizable.stringsdict */,
				D95A92AD271C469700B8FA79 /* Info.plist */,
			);
			path = Widgets;
			sourceTree = "<group>";
		};
		D963D38126BDBD9D00AFCDC8 /* popup */ = {
			isa = PBXGroup;
			children = (
				D963DACC26BDBDA000AFCDC8 /* README.md */,
				D963DACE26BDBDA000AFCDC8 /* public */,
				D963DAD626BDBDA000AFCDC8 /* .gitignore */,
				D963DAD926BDBDA000AFCDC8 /* tsconfig.json */,
				D963DADC26BDBDA000AFCDC8 /* src */,
			);
			path = popup;
			sourceTree = "<group>";
		};
		D963DACE26BDBDA000AFCDC8 /* public */ = {
			isa = PBXGroup;
			children = (
				D963DACF26BDBDA000AFCDC8 /* popup.html */,
				D963DAD026BDBDA000AFCDC8 /* global.css */,
				D963DAD226BDBDA000AFCDC8 /* build */,
			);
			path = public;
			sourceTree = "<group>";
		};
		D963DAD226BDBDA000AFCDC8 /* build */ = {
			isa = PBXGroup;
			children = (
				D963DAD526BDBDA000AFCDC8 /* bundle.js */,
			);
			path = build;
			sourceTree = "<group>";
		};
		D963DADC26BDBDA000AFCDC8 /* src */ = {
			isa = PBXGroup;
			children = (
				D963DADD26BDBDA000AFCDC8 /* main.ts */,
				D963DADE26BDBDA000AFCDC8 /* App.svelte */,
				D963DADF26BDBDA000AFCDC8 /* global.d.ts */,
			);
			path = src;
			sourceTree = "<group>";
		};
		D994C63F26A26C6E000649AA /* Frameworks */ = {
			isa = PBXGroup;
			children = (
				D95A92A3271C469400B8FA79 /* WidgetKit.framework */,
				D95A92A5271C469400B8FA79 /* SwiftUI.framework */,
			);
			name = Frameworks;
			sourceTree = "<group>";
		};
		D9A2FA0926D997A5007F9F9E /* Overamped Screenshots */ = {
			isa = PBXGroup;
			children = (
				D9A2FA0A26D997A5007F9F9E /* Overamped_Screenshots.swift */,
				D9A2FA1526D99813007F9F9E /* SnapshotHelper.swift */,
			);
			path = "Overamped Screenshots";
			sourceTree = "<group>";
		};
		D9A9141126C8910200C34C30 /* Feedback */ = {
			isa = PBXGroup;
			children = (
				D9AB8C02269A626A00D225F8 /* FeedbackForm.swift */,
			);
			path = Feedback;
			sourceTree = "<group>";
		};
		D9A9141226C8911100C34C30 /* Support */ = {
			isa = PBXGroup;
			children = (
				D9CDF0AA26A0F67B006F6B99 /* SupportView.swift */,
				D939C26E26A92C8700CE8AC6 /* SurveyView.swift */,
				D9CC9D9C26AA79DA00FE447C /* SurveyAnswers.swift */,
				D939C27026A92F1B00CE8AC6 /* SurveyPricesProvider.swift */,
				D994C63726A13682000649AA /* TipJarStore.swift */,
				D994C63A26A1EF9A000649AA /* TipJarView.swift */,
				D9A9140F26C7809C00C34C30 /* TipOptionView.swift */,
			);
			path = Support;
			sourceTree = "<group>";
		};
		D9A9141326C8913300C34C30 /* Statistics */ = {
			isa = PBXGroup;
			children = (
				D9CDF0AE26A10052006F6B99 /* StatisticsView.swift */,
				D94E169126B5F70A00294B9D /* AdvancedStatisticsView.swift */,
				D9A90D032708A5A400183C48 /* EventsLogView.swift */,
			);
			path = Statistics;
			sourceTree = "<group>";
		};
		D9A9141426C8915200C34C30 /* Settings */ = {
			isa = PBXGroup;
			children = (
				D94E168F26B5F66D00294B9D /* SettingsView.swift */,
				D984BB9A26A8F54200500856 /* IgnoredHostnamesView.swift */,
			);
			path = Settings;
			sourceTree = "<group>";
		};
		D9A9141526C8917100C34C30 /* Shared */ = {
			isa = PBXGroup;
			children = (
				D9CC9D9E26AA943300FE447C /* ActivityView.swift */,
				D96BF7DF26B3CD5E00E6EBE9 /* SafariView.swift */,
				D9DC7AED26B6532D005C8430 /* ClearAdvancedStatisticsView.swift */,
				D945BC1226F2B49C00F1FDF8 /* ClearBasicStatisticsView.swift */,
				D994C64226A26D29000649AA /* OverampedCoreImport.swift */,
			);
			path = Shared;
			sourceTree = "<group>";
		};
		D9A9141626C8918000C34C30 /* About */ = {
			isa = PBXGroup;
			children = (
				D96BF7DD26B3CA2800E6EBE9 /* AboutView.swift */,
				D9AB8C06269A7F7C00D225F8 /* InstallationInstructionsView.swift */,
				D9A9141726C8A59400C34C30 /* FAQView.swift */,
				D9CAB14726ED23E4004A1CCD /* QuestionView.swift */,
				D963DAF326BF5C3800AFCDC8 /* Acknowledgements.swift */,
			);
			path = About;
			sourceTree = "<group>";
		};
		D9B9D58F2698B1F600F7D361 /* Overamped Extension UI Tests */ = {
			isa = PBXGroup;
			children = (
				D9B9D5902698B1F600F7D361 /* Overamped_Extension_UI_Tests.swift */,
			);
			path = "Overamped Extension UI Tests";
			sourceTree = "<group>";
		};
		D9FF5B60268142B30027BD81 = {
			isa = PBXGroup;
			children = (
				D9FF5B6B268142B30027BD81 /* Overamped */,
				D994C63E26A2686B000649AA /* OverampedCore */,
				D9FF5B8A268142B90027BD81 /* Overamped Extension */,
				D9B9D58F2698B1F600F7D361 /* Overamped Extension UI Tests */,
				D9A2FA0926D997A5007F9F9E /* Overamped Screenshots */,
				D95A92A7271C469400B8FA79 /* Widgets */,
				D9FF5B6A268142B30027BD81 /* Products */,
				D994C63F26A26C6E000649AA /* Frameworks */,
			);
			sourceTree = "<group>";
		};
		D9FF5B6A268142B30027BD81 /* Products */ = {
			isa = PBXGroup;
			children = (
				D9FF5B69268142B30027BD81 /* Overamped.app */,
				D9FF5B86268142B90027BD81 /* Overamped Extension.appex */,
				D9B9D58E2698B1F500F7D361 /* Overamped Extension UI Tests.xctest */,
				D9A2FA0826D997A5007F9F9E /* Overamped Screenshots.xctest */,
				D95A92A2271C469400B8FA79 /* WidgetsExtension.appex */,
			);
			name = Products;
			sourceTree = "<group>";
		};
		D9FF5B6B268142B30027BD81 /* Overamped */ = {
			isa = PBXGroup;
			children = (
				D9AB8C04269A62D800D225F8 /* OverampedApp.swift */,
				D9AB8C08269A895500D225F8 /* OverampedTabs.swift */,
				D9A9141326C8913300C34C30 /* Statistics */,
				D9A9141226C8911100C34C30 /* Support */,
				D9A9141126C8910200C34C30 /* Feedback */,
				D9A9141426C8915200C34C30 /* Settings */,
				D9A9141626C8918000C34C30 /* About */,
				D9A9141526C8917100C34C30 /* Shared */,
				D96BF7DC26B3C6FE00E6EBE9 /* Localizable.stringsdict */,
				D994C63926A143F8000649AA /* Products.storekit */,
				D9FF5B7A268142B30027BD81 /* LaunchScreen.storyboard */,
				D9FF5B80268142B90027BD81 /* Assets.xcassets */,
				D9AB29B327B0899C00173BB6 /* Settings.bundle */,
				D9AB8C0A269A8A7C00D225F8 /* Overamped.entitlements */,
				D9FF5B81268142B90027BD81 /* Info.plist */,
			);
			path = Overamped;
			sourceTree = "<group>";
		};
		D9FF5B8A268142B90027BD81 /* Overamped Extension */ = {
			isa = PBXGroup;
			children = (
				D9B8EBFF26A29DB300C1243E /* Overamped Extension.entitlements */,
				D9FF5B8B268142B90027BD81 /* SafariWebExtensionHandler.swift */,
				D9FF5B9E268142B90027BD81 /* Info.plist */,
				D9FF5B8D268142B90027BD81 /* Resources */,
			);
			path = "Overamped Extension";
			sourceTree = "<group>";
		};
		D9FF5B8D268142B90027BD81 /* Resources */ = {
			isa = PBXGroup;
			children = (
				D9FF5B8E268142B90027BD81 /* _locales */,
				D9FF5B90268142B90027BD81 /* images */,
				D963D38126BDBD9D00AFCDC8 /* popup */,
				D9FF5B92268142B90027BD81 /* manifest.json */,
				D94E168626B4D6B900294B9D /* options.html */,
				D9A86AA72754355E0053652F /* content-script.js */,
				D9B8EC0226A29F2800C1243E /* background.js */,
			);
			path = Resources;
			sourceTree = "<group>";
		};
/* End PBXGroup section */

/* Begin PBXNativeTarget section */
		D95A92A1271C469400B8FA79 /* WidgetsExtension */ = {
			isa = PBXNativeTarget;
			buildConfigurationList = D95A92B3271C469700B8FA79 /* Build configuration list for PBXNativeTarget "WidgetsExtension" */;
			buildPhases = (
				D95A929E271C469400B8FA79 /* Sources */,
				D95A929F271C469400B8FA79 /* Frameworks */,
				D95A92A0271C469400B8FA79 /* Resources */,
			);
			buildRules = (
			);
			dependencies = (
			);
			name = WidgetsExtension;
			packageProductDependencies = (
				D95A92B6271C46F100B8FA79 /* Persist */,
				D95A92B8271C470100B8FA79 /* OverampedCore */,
			);
			productName = WidgetsExtension;
			productReference = D95A92A2271C469400B8FA79 /* WidgetsExtension.appex */;
			productType = "com.apple.product-type.app-extension";
		};
		D9A2FA0726D997A5007F9F9E /* Overamped Screenshots */ = {
			isa = PBXNativeTarget;
			buildConfigurationList = D9A2FA1226D997A5007F9F9E /* Build configuration list for PBXNativeTarget "Overamped Screenshots" */;
			buildPhases = (
				D9A2FA0426D997A5007F9F9E /* Sources */,
				D9A2FA0526D997A5007F9F9E /* Frameworks */,
				D9A2FA0626D997A5007F9F9E /* Resources */,
			);
			buildRules = (
			);
			dependencies = (
				D9A2FA0F26D997A5007F9F9E /* PBXTargetDependency */,
			);
			name = "Overamped Screenshots";
			packageProductDependencies = (
				D9A2FA1726D99A09007F9F9E /* Persist */,
				D9A2FA1926D99A0C007F9F9E /* OverampedCore */,
			);
			productName = "Overamped Screenshots";
			productReference = D9A2FA0826D997A5007F9F9E /* Overamped Screenshots.xctest */;
			productType = "com.apple.product-type.bundle.ui-testing";
		};
		D9B9D58D2698B1F500F7D361 /* Overamped Extension UI Tests */ = {
			isa = PBXNativeTarget;
			buildConfigurationList = D9B9D5942698B1F600F7D361 /* Build configuration list for PBXNativeTarget "Overamped Extension UI Tests" */;
			buildPhases = (
				D9B9D58A2698B1F500F7D361 /* Sources */,
				D9B9D58B2698B1F500F7D361 /* Frameworks */,
				D9B9D58C2698B1F500F7D361 /* Resources */,
			);
			buildRules = (
			);
			dependencies = (
				D9B9D5932698B1F600F7D361 /* PBXTargetDependency */,
			);
			name = "Overamped Extension UI Tests";
			productName = "Overamped Extension UI Tests";
			productReference = D9B9D58E2698B1F500F7D361 /* Overamped Extension UI Tests.xctest */;
			productType = "com.apple.product-type.bundle.ui-testing";
		};
		D9FF5B68268142B30027BD81 /* Overamped */ = {
			isa = PBXNativeTarget;
			buildConfigurationList = D9FF5BA6268142B90027BD81 /* Build configuration list for PBXNativeTarget "Overamped" */;
			buildPhases = (
				D9FF5B65268142B30027BD81 /* Sources */,
				D9FF5B66268142B30027BD81 /* Frameworks */,
				D9FF5B67268142B30027BD81 /* Resources */,
				D9FF5BA5268142B90027BD81 /* Embed App Extensions */,
				D90B5DDC27A507D100C84891 /* CopyFiles */,
			);
			buildRules = (
			);
			dependencies = (
				D9FF5B89268142B90027BD81 /* PBXTargetDependency */,
			);
			name = Overamped;
			packageProductDependencies = (
				D994C64026A26C6E000649AA /* OverampedCore */,
				D9B8EC0526A3E42E00C1243E /* Persist */,
			);
			productName = Overamped;
			productReference = D9FF5B69268142B30027BD81 /* Overamped.app */;
			productType = "com.apple.product-type.application";
		};
		D9FF5B85268142B90027BD81 /* Overamped Extension */ = {
			isa = PBXNativeTarget;
			buildConfigurationList = D9FF5BA2268142B90027BD81 /* Build configuration list for PBXNativeTarget "Overamped Extension" */;
			buildPhases = (
				D993C5612684AFDE002A84E6 /* Build JS */,
				D9FF5B82268142B90027BD81 /* Sources */,
				D9FF5B83268142B90027BD81 /* Frameworks */,
				D9FF5B84268142B90027BD81 /* Resources */,
				D963DAE426BDBEB300AFCDC8 /* Copy Popup Root */,
				D963DAEA26BDBEF700AFCDC8 /* Copy Popup Build */,
			);
			buildRules = (
			);
			dependencies = (
			);
			name = "Overamped Extension";
			packageProductDependencies = (
				D9DC7AEB26B61CB0005C8430 /* OverampedCore */,
				D99B9AFC26C5882000619FC7 /* Persist */,
			);
			productName = "Overamped Extension";
			productReference = D9FF5B86268142B90027BD81 /* Overamped Extension.appex */;
			productType = "com.apple.product-type.app-extension";
		};
/* End PBXNativeTarget section */

/* Begin PBXProject section */
		D9FF5B61268142B30027BD81 /* Project object */ = {
			isa = PBXProject;
			attributes = {
				BuildIndependentTargetsInParallel = 1;
				LastSwiftUpdateCheck = 1300;
				LastUpgradeCheck = 1300;
				TargetAttributes = {
					D95A92A1271C469400B8FA79 = {
						CreatedOnToolsVersion = 13.0;
					};
					D9A2FA0726D997A5007F9F9E = {
						CreatedOnToolsVersion = 13.0;
						TestTargetID = D9FF5B68268142B30027BD81;
					};
					D9B9D58D2698B1F500F7D361 = {
						CreatedOnToolsVersion = 13.0;
						TestTargetID = D9FF5B68268142B30027BD81;
					};
					D9FF5B68268142B30027BD81 = {
						CreatedOnToolsVersion = 13.0;
					};
					D9FF5B85268142B90027BD81 = {
						CreatedOnToolsVersion = 13.0;
					};
				};
			};
			buildConfigurationList = D9FF5B64268142B30027BD81 /* Build configuration list for PBXProject "Overamped" */;
			compatibilityVersion = "Xcode 13.0";
			developmentRegion = en;
			hasScannedForEncodings = 0;
			knownRegions = (
				en,
				Base,
			);
			mainGroup = D9FF5B60268142B30027BD81;
			packageReferences = (
				D9B8EC0426A3E42E00C1243E /* XCRemoteSwiftPackageReference "Persist" */,
			);
			productRefGroup = D9FF5B6A268142B30027BD81 /* Products */;
			projectDirPath = "";
			projectRoot = "";
			targets = (
				D9FF5B68268142B30027BD81 /* Overamped */,
				D9FF5B85268142B90027BD81 /* Overamped Extension */,
				D9B9D58D2698B1F500F7D361 /* Overamped Extension UI Tests */,
				D9A2FA0726D997A5007F9F9E /* Overamped Screenshots */,
				D95A92A1271C469400B8FA79 /* WidgetsExtension */,
			);
		};
/* End PBXProject section */

/* Begin PBXResourcesBuildPhase section */
		D95A92A0271C469400B8FA79 /* Resources */ = {
			isa = PBXResourcesBuildPhase;
			buildActionMask = 2147483647;
			files = (
				D95A92AC271C469700B8FA79 /* Assets.xcassets in Resources */,
				D95A92BC271C5DC000B8FA79 /* Localizable.stringsdict in Resources */,
			);
			runOnlyForDeploymentPostprocessing = 0;
		};
		D9A2FA0626D997A5007F9F9E /* Resources */ = {
			isa = PBXResourcesBuildPhase;
			buildActionMask = 2147483647;
			files = (
			);
			runOnlyForDeploymentPostprocessing = 0;
		};
		D9B9D58C2698B1F500F7D361 /* Resources */ = {
			isa = PBXResourcesBuildPhase;
			buildActionMask = 2147483647;
			files = (
			);
			runOnlyForDeploymentPostprocessing = 0;
		};
		D9FF5B67268142B30027BD81 /* Resources */ = {
			isa = PBXResourcesBuildPhase;
			buildActionMask = 2147483647;
			files = (
				D9AB29B427B0899C00173BB6 /* Settings.bundle in Resources */,
				D9FF5B7C268142B30027BD81 /* LaunchScreen.storyboard in Resources */,
				D9FF5B9F268142B90027BD81 /* Assets.xcassets in Resources */,
				D96BF7DA26B3C6FE00E6EBE9 /* Localizable.stringsdict in Resources */,
			);
			runOnlyForDeploymentPostprocessing = 0;
		};
		D9FF5B84268142B90027BD81 /* Resources */ = {
			isa = PBXResourcesBuildPhase;
			buildActionMask = 2147483647;
			files = (
				D94E168826B4D7A300294B9D /* options.html in Resources */,
				D9B8EC0326A29F2800C1243E /* background.js in Resources */,
				D9FF5B91268142B90027BD81 /* images in Resources */,
				D9FF5B93268142B90027BD81 /* manifest.json in Resources */,
				D9FF5B8F268142B90027BD81 /* _locales in Resources */,
				D9A86AA82754355E0053652F /* content-script.js in Resources */,
			);
			runOnlyForDeploymentPostprocessing = 0;
		};
/* End PBXResourcesBuildPhase section */

/* Begin PBXShellScriptBuildPhase section */
		D993C5612684AFDE002A84E6 /* Build JS */ = {
			isa = PBXShellScriptBuildPhase;
			alwaysOutOfDate = 1;
			buildActionMask = 12;
			files = (
			);
			inputFileListPaths = (
			);
			inputPaths = (
			);
			name = "Build JS";
			outputFileListPaths = (
			);
			outputPaths = (
			);
			runOnlyForDeploymentPostprocessing = 0;
			shellPath = /bin/sh;
			shellScript = "if [ \"${ENABLE_PREVIEWS}\" = \"YES\" ]; then\n  exit 0;\nfi\n\nif [ -f ~/.profile ]; then\n    source ~/.profile\nfi\n\nif [ \"${CI}\" != \"true\" ]; then\n  eval \"$(nodenv init -)\"\nfi\n\ncd \"Overamped Extension/Resources\"\nnpm run build\n";
		};
/* End PBXShellScriptBuildPhase section */

/* Begin PBXSourcesBuildPhase section */
		D95A929E271C469400B8FA79 /* Sources */ = {
			isa = PBXSourcesBuildPhase;
			buildActionMask = 2147483647;
			files = (
				D95A92AE271C469700B8FA79 /* Widgets.intentdefinition in Sources */,
				D95A92A9271C469400B8FA79 /* Widgets.swift in Sources */,
			);
			runOnlyForDeploymentPostprocessing = 0;
		};
		D9A2FA0426D997A5007F9F9E /* Sources */ = {
			isa = PBXSourcesBuildPhase;
			buildActionMask = 2147483647;
			files = (
				D9A2FA0B26D997A5007F9F9E /* Overamped_Screenshots.swift in Sources */,
				D9A2FA1626D99813007F9F9E /* SnapshotHelper.swift in Sources */,
			);
			runOnlyForDeploymentPostprocessing = 0;
		};
		D9B9D58A2698B1F500F7D361 /* Sources */ = {
			isa = PBXSourcesBuildPhase;
			buildActionMask = 2147483647;
			files = (
				D9B9D5912698B1F600F7D361 /* Overamped_Extension_UI_Tests.swift in Sources */,
			);
			runOnlyForDeploymentPostprocessing = 0;
		};
		D9FF5B65268142B30027BD81 /* Sources */ = {
			isa = PBXSourcesBuildPhase;
			buildActionMask = 2147483647;
			files = (
				D9CAB14826ED23E4004A1CCD /* QuestionView.swift in Sources */,
				D96BF7DE26B3CA2900E6EBE9 /* AboutView.swift in Sources */,
				D9AB8C09269A895500D225F8 /* OverampedTabs.swift in Sources */,
				D9A90D042708A5A400183C48 /* EventsLogView.swift in Sources */,
				D94E169026B5F66E00294B9D /* SettingsView.swift in Sources */,
				D9DC7AEE26B6532D005C8430 /* ClearAdvancedStatisticsView.swift in Sources */,
				D9AB8C03269A626A00D225F8 /* FeedbackForm.swift in Sources */,
				D939C27126A92F1B00CE8AC6 /* SurveyPricesProvider.swift in Sources */,
				D94E169226B5F70A00294B9D /* AdvancedStatisticsView.swift in Sources */,
				D9CDF0AF26A10052006F6B99 /* StatisticsView.swift in Sources */,
				D963DAF426BF5C3800AFCDC8 /* Acknowledgements.swift in Sources */,
				D994C64326A26D29000649AA /* OverampedCoreImport.swift in Sources */,
				D984BB9B26A8F54200500856 /* IgnoredHostnamesView.swift in Sources */,
				D945BC1326F2B49C00F1FDF8 /* ClearBasicStatisticsView.swift in Sources */,
				D994C63B26A1EF9B000649AA /* TipJarView.swift in Sources */,
				D9CC9D9F26AA943300FE447C /* ActivityView.swift in Sources */,
				D9AB8C07269A7F7C00D225F8 /* InstallationInstructionsView.swift in Sources */,
				D9CC9D9D26AA79DA00FE447C /* SurveyAnswers.swift in Sources */,
				D96BF7E026B3CD5E00E6EBE9 /* SafariView.swift in Sources */,
				D95A92AF271C469700B8FA79 /* Widgets.intentdefinition in Sources */,
				D9A9141026C7809C00C34C30 /* TipOptionView.swift in Sources */,
				D939C26F26A92C8700CE8AC6 /* SurveyView.swift in Sources */,
				D9CDF0AB26A0F67C006F6B99 /* SupportView.swift in Sources */,
				D9AB8C05269A62D800D225F8 /* OverampedApp.swift in Sources */,
				D994C63826A13682000649AA /* TipJarStore.swift in Sources */,
				D9A9141826C8A59500C34C30 /* FAQView.swift in Sources */,
			);
			runOnlyForDeploymentPostprocessing = 0;
		};
		D9FF5B82268142B90027BD81 /* Sources */ = {
			isa = PBXSourcesBuildPhase;
			buildActionMask = 2147483647;
			files = (
				D9FF5B8C268142B90027BD81 /* SafariWebExtensionHandler.swift in Sources */,
			);
			runOnlyForDeploymentPostprocessing = 0;
		};
/* End PBXSourcesBuildPhase section */

/* Begin PBXTargetDependency section */
		D9A2FA0F26D997A5007F9F9E /* PBXTargetDependency */ = {
			isa = PBXTargetDependency;
			target = D9FF5B68268142B30027BD81 /* Overamped */;
			targetProxy = D9A2FA0E26D997A5007F9F9E /* PBXContainerItemProxy */;
		};
		D9B9D5932698B1F600F7D361 /* PBXTargetDependency */ = {
			isa = PBXTargetDependency;
			target = D9FF5B68268142B30027BD81 /* Overamped */;
			targetProxy = D9B9D5922698B1F600F7D361 /* PBXContainerItemProxy */;
		};
		D9FF5B89268142B90027BD81 /* PBXTargetDependency */ = {
			isa = PBXTargetDependency;
			target = D9FF5B85268142B90027BD81 /* Overamped Extension */;
			targetProxy = D9FF5B88268142B90027BD81 /* PBXContainerItemProxy */;
		};
/* End PBXTargetDependency section */

/* Begin PBXVariantGroup section */
		D95A92BA271C5DA500B8FA79 /* Localizable.stringsdict */ = {
			isa = PBXVariantGroup;
			children = (
				D95A92BB271C5DA500B8FA79 /* en */,
			);
			name = Localizable.stringsdict;
			sourceTree = "<group>";
		};
		D96BF7DC26B3C6FE00E6EBE9 /* Localizable.stringsdict */ = {
			isa = PBXVariantGroup;
			children = (
				D96BF7DB26B3C6FE00E6EBE9 /* en */,
			);
			name = Localizable.stringsdict;
			sourceTree = "<group>";
		};
		D9FF5B7A268142B30027BD81 /* LaunchScreen.storyboard */ = {
			isa = PBXVariantGroup;
			children = (
				D9FF5B7B268142B30027BD81 /* Base */,
			);
			name = LaunchScreen.storyboard;
			sourceTree = "<group>";
		};
/* End PBXVariantGroup section */

/* Begin XCBuildConfiguration section */
		D95A92B4271C469700B8FA79 /* Debug */ = {
			isa = XCBuildConfiguration;
			buildSettings = {
				ASSETCATALOG_COMPILER_GLOBAL_ACCENT_COLOR_NAME = AccentColor;
				ASSETCATALOG_COMPILER_WIDGET_BACKGROUND_COLOR_NAME = WidgetBackground;
				CLANG_CXX_LANGUAGE_STANDARD = "gnu++17";
				CODE_SIGN_ENTITLEMENTS = Widgets/WidgetsExtension.entitlements;
				CODE_SIGN_IDENTITY = "Apple Development";
				CODE_SIGN_STYLE = Automatic;
				DEVELOPMENT_TEAM = HGVGKE57E6;
				GENERATE_INFOPLIST_FILE = YES;
				INFOPLIST_FILE = Widgets/Info.plist;
				INFOPLIST_KEY_CFBundleDisplayName = Widgets;
				INFOPLIST_KEY_NSHumanReadableCopyright = "";
				LD_RUNPATH_SEARCH_PATHS = (
					"$(inherited)",
					"@executable_path/Frameworks",
					"@executable_path/../../Frameworks",
				);
				PRODUCT_BUNDLE_IDENTIFIER = net.yetii.Overamped.Widgets;
				PRODUCT_NAME = "$(TARGET_NAME)";
				SKIP_INSTALL = YES;
				SWIFT_EMIT_LOC_STRINGS = YES;
				SWIFT_VERSION = 5.0;
				TARGETED_DEVICE_FAMILY = "1,2";
			};
			name = Debug;
		};
		D95A92B5271C469700B8FA79 /* Release */ = {
			isa = XCBuildConfiguration;
			buildSettings = {
				ASSETCATALOG_COMPILER_GLOBAL_ACCENT_COLOR_NAME = AccentColor;
				ASSETCATALOG_COMPILER_WIDGET_BACKGROUND_COLOR_NAME = WidgetBackground;
				CLANG_CXX_LANGUAGE_STANDARD = "gnu++17";
				CODE_SIGN_ENTITLEMENTS = Widgets/WidgetsExtension.entitlements;
				CODE_SIGN_IDENTITY = "iPhone Distribution";
				CODE_SIGN_STYLE = Manual;
				DEVELOPMENT_TEAM = HGVGKE57E6;
				GENERATE_INFOPLIST_FILE = YES;
				INFOPLIST_FILE = Widgets/Info.plist;
				INFOPLIST_KEY_CFBundleDisplayName = Widgets;
				INFOPLIST_KEY_NSHumanReadableCopyright = "";
				LD_RUNPATH_SEARCH_PATHS = (
					"$(inherited)",
					"@executable_path/Frameworks",
					"@executable_path/../../Frameworks",
				);
				PRODUCT_BUNDLE_IDENTIFIER = net.yetii.Overamped.Widgets;
				PRODUCT_NAME = "$(TARGET_NAME)";
				PROVISIONING_PROFILE_SPECIFIER = "match AppStore net.yetii.Overamped.Widgets";
				SKIP_INSTALL = YES;
				SWIFT_EMIT_LOC_STRINGS = YES;
				SWIFT_VERSION = 5.0;
				TARGETED_DEVICE_FAMILY = "1,2";
			};
			name = Release;
		};
		D9A2FA1026D997A5007F9F9E /* Debug */ = {
			isa = XCBuildConfiguration;
			buildSettings = {
				CLANG_CXX_LANGUAGE_STANDARD = "gnu++17";
				CODE_SIGN_STYLE = Automatic;
				DEVELOPMENT_TEAM = HGVGKE57E6;
				GENERATE_INFOPLIST_FILE = YES;
				LD_RUNPATH_SEARCH_PATHS = (
					"$(inherited)",
					"@executable_path/Frameworks",
					"@loader_path/Frameworks",
				);
				PRODUCT_BUNDLE_IDENTIFIER = "net.yetii.Overamped-Screenshots";
				PRODUCT_NAME = "$(TARGET_NAME)";
				SWIFT_EMIT_LOC_STRINGS = NO;
				SWIFT_VERSION = 5.0;
				TARGETED_DEVICE_FAMILY = "1,2";
				TEST_TARGET_NAME = Overamped;
			};
			name = Debug;
		};
		D9A2FA1126D997A5007F9F9E /* Release */ = {
			isa = XCBuildConfiguration;
			buildSettings = {
				CLANG_CXX_LANGUAGE_STANDARD = "gnu++17";
				CODE_SIGN_STYLE = Automatic;
				DEVELOPMENT_TEAM = HGVGKE57E6;
				GENERATE_INFOPLIST_FILE = YES;
				LD_RUNPATH_SEARCH_PATHS = (
					"$(inherited)",
					"@executable_path/Frameworks",
					"@loader_path/Frameworks",
				);
				PRODUCT_BUNDLE_IDENTIFIER = "net.yetii.Overamped-Screenshots";
				PRODUCT_NAME = "$(TARGET_NAME)";
				SWIFT_EMIT_LOC_STRINGS = NO;
				SWIFT_VERSION = 5.0;
				TARGETED_DEVICE_FAMILY = "1,2";
				TEST_TARGET_NAME = Overamped;
			};
			name = Release;
		};
		D9B9D5952698B1F600F7D361 /* Debug */ = {
			isa = XCBuildConfiguration;
			buildSettings = {
				CODE_SIGN_STYLE = Automatic;
				DEVELOPMENT_TEAM = HGVGKE57E6;
				GENERATE_INFOPLIST_FILE = YES;
				LD_RUNPATH_SEARCH_PATHS = (
					"$(inherited)",
					"@executable_path/Frameworks",
					"@loader_path/Frameworks",
				);
				PRODUCT_BUNDLE_IDENTIFIER = "net.yetii.Overamped-Extension-UI-Tests";
				PRODUCT_NAME = "$(TARGET_NAME)";
				SWIFT_EMIT_LOC_STRINGS = NO;
				SWIFT_VERSION = 5.0;
				TARGETED_DEVICE_FAMILY = "1,2";
				TEST_TARGET_NAME = Overamped;
			};
			name = Debug;
		};
		D9B9D5962698B1F600F7D361 /* Release */ = {
			isa = XCBuildConfiguration;
			buildSettings = {
				CODE_SIGN_STYLE = Automatic;
				DEVELOPMENT_TEAM = HGVGKE57E6;
				GENERATE_INFOPLIST_FILE = YES;
				LD_RUNPATH_SEARCH_PATHS = (
					"$(inherited)",
					"@executable_path/Frameworks",
					"@loader_path/Frameworks",
				);
				PRODUCT_BUNDLE_IDENTIFIER = "net.yetii.Overamped-Extension-UI-Tests";
				PRODUCT_NAME = "$(TARGET_NAME)";
				SWIFT_EMIT_LOC_STRINGS = NO;
				SWIFT_VERSION = 5.0;
				TARGETED_DEVICE_FAMILY = "1,2";
				TEST_TARGET_NAME = Overamped;
			};
			name = Release;
		};
		D9FF5BA0268142B90027BD81 /* Debug */ = {
			isa = XCBuildConfiguration;
			buildSettings = {
				ALWAYS_SEARCH_USER_PATHS = NO;
				CLANG_ANALYZER_NONNULL = YES;
				CLANG_ANALYZER_NUMBER_OBJECT_CONVERSION = YES_AGGRESSIVE;
				CLANG_CXX_LANGUAGE_STANDARD = "gnu++14";
				CLANG_CXX_LIBRARY = "libc++";
				CLANG_ENABLE_MODULES = YES;
				CLANG_ENABLE_OBJC_ARC = YES;
				CLANG_ENABLE_OBJC_WEAK = YES;
				CLANG_WARN_BLOCK_CAPTURE_AUTORELEASING = YES;
				CLANG_WARN_BOOL_CONVERSION = YES;
				CLANG_WARN_COMMA = YES;
				CLANG_WARN_CONSTANT_CONVERSION = YES;
				CLANG_WARN_DEPRECATED_OBJC_IMPLEMENTATIONS = YES;
				CLANG_WARN_DIRECT_OBJC_ISA_USAGE = YES_ERROR;
				CLANG_WARN_DOCUMENTATION_COMMENTS = YES;
				CLANG_WARN_EMPTY_BODY = YES;
				CLANG_WARN_ENUM_CONVERSION = YES;
				CLANG_WARN_INFINITE_RECURSION = YES;
				CLANG_WARN_INT_CONVERSION = YES;
				CLANG_WARN_NON_LITERAL_NULL_CONVERSION = YES;
				CLANG_WARN_OBJC_IMPLICIT_RETAIN_SELF = YES;
				CLANG_WARN_OBJC_LITERAL_CONVERSION = YES;
				CLANG_WARN_OBJC_ROOT_CLASS = YES_ERROR;
				CLANG_WARN_QUOTED_INCLUDE_IN_FRAMEWORK_HEADER = YES;
				CLANG_WARN_RANGE_LOOP_ANALYSIS = YES;
				CLANG_WARN_STRICT_PROTOTYPES = YES;
				CLANG_WARN_SUSPICIOUS_MOVE = YES;
				CLANG_WARN_UNGUARDED_AVAILABILITY = YES_AGGRESSIVE;
				CLANG_WARN_UNREACHABLE_CODE = YES;
				CLANG_WARN__DUPLICATE_METHOD_MATCH = YES;
				COPY_PHASE_STRIP = NO;
				CURRENT_PROJECT_VERSION = 0;
				DEBUG_INFORMATION_FORMAT = dwarf;
				DEVELOPMENT_TEAM = HGVGKE57E6;
				ENABLE_STRICT_OBJC_MSGSEND = YES;
				ENABLE_TESTABILITY = YES;
				GCC_C_LANGUAGE_STANDARD = gnu11;
				GCC_DYNAMIC_NO_PIC = NO;
				GCC_NO_COMMON_BLOCKS = YES;
				GCC_OPTIMIZATION_LEVEL = 0;
				GCC_PREPROCESSOR_DEFINITIONS = (
					"DEBUG=1",
					"$(inherited)",
				);
				GCC_WARN_64_TO_32_BIT_CONVERSION = YES;
				GCC_WARN_ABOUT_RETURN_TYPE = YES_ERROR;
				GCC_WARN_UNDECLARED_SELECTOR = YES;
				GCC_WARN_UNINITIALIZED_AUTOS = YES_AGGRESSIVE;
				GCC_WARN_UNUSED_FUNCTION = YES;
				GCC_WARN_UNUSED_VARIABLE = YES;
				INFOPLIST_KEY_CFBundleVersion = 7;
				IPHONEOS_DEPLOYMENT_TARGET = 15.0;
				MARKETING_VERSION = 1.2.0;
				MTL_ENABLE_DEBUG_INFO = INCLUDE_SOURCE;
				MTL_FAST_MATH = YES;
				ONLY_ACTIVE_ARCH = YES;
				SDKROOT = iphoneos;
				SWIFT_ACTIVE_COMPILATION_CONDITIONS = DEBUG;
				SWIFT_OPTIMIZATION_LEVEL = "-Onone";
			};
			name = Debug;
		};
		D9FF5BA1268142B90027BD81 /* Release */ = {
			isa = XCBuildConfiguration;
			buildSettings = {
				ALWAYS_SEARCH_USER_PATHS = NO;
				CLANG_ANALYZER_NONNULL = YES;
				CLANG_ANALYZER_NUMBER_OBJECT_CONVERSION = YES_AGGRESSIVE;
				CLANG_CXX_LANGUAGE_STANDARD = "gnu++14";
				CLANG_CXX_LIBRARY = "libc++";
				CLANG_ENABLE_MODULES = YES;
				CLANG_ENABLE_OBJC_ARC = YES;
				CLANG_ENABLE_OBJC_WEAK = YES;
				CLANG_WARN_BLOCK_CAPTURE_AUTORELEASING = YES;
				CLANG_WARN_BOOL_CONVERSION = YES;
				CLANG_WARN_COMMA = YES;
				CLANG_WARN_CONSTANT_CONVERSION = YES;
				CLANG_WARN_DEPRECATED_OBJC_IMPLEMENTATIONS = YES;
				CLANG_WARN_DIRECT_OBJC_ISA_USAGE = YES_ERROR;
				CLANG_WARN_DOCUMENTATION_COMMENTS = YES;
				CLANG_WARN_EMPTY_BODY = YES;
				CLANG_WARN_ENUM_CONVERSION = YES;
				CLANG_WARN_INFINITE_RECURSION = YES;
				CLANG_WARN_INT_CONVERSION = YES;
				CLANG_WARN_NON_LITERAL_NULL_CONVERSION = YES;
				CLANG_WARN_OBJC_IMPLICIT_RETAIN_SELF = YES;
				CLANG_WARN_OBJC_LITERAL_CONVERSION = YES;
				CLANG_WARN_OBJC_ROOT_CLASS = YES_ERROR;
				CLANG_WARN_QUOTED_INCLUDE_IN_FRAMEWORK_HEADER = YES;
				CLANG_WARN_RANGE_LOOP_ANALYSIS = YES;
				CLANG_WARN_STRICT_PROTOTYPES = YES;
				CLANG_WARN_SUSPICIOUS_MOVE = YES;
				CLANG_WARN_UNGUARDED_AVAILABILITY = YES_AGGRESSIVE;
				CLANG_WARN_UNREACHABLE_CODE = YES;
				CLANG_WARN__DUPLICATE_METHOD_MATCH = YES;
				COPY_PHASE_STRIP = NO;
				CURRENT_PROJECT_VERSION = 0;
				DEBUG_INFORMATION_FORMAT = "dwarf-with-dsym";
				DEVELOPMENT_TEAM = HGVGKE57E6;
				ENABLE_NS_ASSERTIONS = NO;
				ENABLE_STRICT_OBJC_MSGSEND = YES;
				GCC_C_LANGUAGE_STANDARD = gnu11;
				GCC_NO_COMMON_BLOCKS = YES;
				GCC_WARN_64_TO_32_BIT_CONVERSION = YES;
				GCC_WARN_ABOUT_RETURN_TYPE = YES_ERROR;
				GCC_WARN_UNDECLARED_SELECTOR = YES;
				GCC_WARN_UNINITIALIZED_AUTOS = YES_AGGRESSIVE;
				GCC_WARN_UNUSED_FUNCTION = YES;
				GCC_WARN_UNUSED_VARIABLE = YES;
				INFOPLIST_KEY_CFBundleVersion = 7;
				IPHONEOS_DEPLOYMENT_TARGET = 15.0;
				MARKETING_VERSION = 1.2.0;
				MTL_ENABLE_DEBUG_INFO = NO;
				MTL_FAST_MATH = YES;
				SDKROOT = iphoneos;
				SWIFT_COMPILATION_MODE = wholemodule;
				SWIFT_OPTIMIZATION_LEVEL = "-O";
				VALIDATE_PRODUCT = YES;
			};
			name = Release;
		};
		D9FF5BA3268142B90027BD81 /* Debug */ = {
			isa = XCBuildConfiguration;
			buildSettings = {
				CODE_SIGN_ENTITLEMENTS = "Overamped Extension/Overamped Extension.entitlements";
				CODE_SIGN_IDENTITY = "Apple Development";
				CODE_SIGN_STYLE = Automatic;
				DEVELOPMENT_TEAM = HGVGKE57E6;
				GENERATE_INFOPLIST_FILE = YES;
				INFOPLIST_FILE = "Overamped Extension/Info.plist";
				INFOPLIST_KEY_CFBundleDisplayName = "Overamped Extension";
				INFOPLIST_KEY_CFBundleExecutable = "Overamped Extension";
				INFOPLIST_KEY_CFBundleName = "Overamped Extension";
				INFOPLIST_KEY_NSHumanReadableCopyright = "";
				IPHONEOS_DEPLOYMENT_TARGET = 15.0;
				LD_RUNPATH_SEARCH_PATHS = (
					"$(inherited)",
					"@executable_path/Frameworks",
					"@executable_path/../../Frameworks",
				);
				PRODUCT_BUNDLE_IDENTIFIER = net.yetii.Overamped.Extension;
				PRODUCT_NAME = "$(TARGET_NAME)";
				PROVISIONING_PROFILE_SPECIFIER = "";
				SKIP_INSTALL = YES;
				SWIFT_EMIT_LOC_STRINGS = YES;
				SWIFT_VERSION = 5.0;
				TARGETED_DEVICE_FAMILY = "1,2";
			};
			name = Debug;
		};
		D9FF5BA4268142B90027BD81 /* Release */ = {
			isa = XCBuildConfiguration;
			buildSettings = {
				CODE_SIGN_ENTITLEMENTS = "Overamped Extension/Overamped Extension.entitlements";
				CODE_SIGN_IDENTITY = "iPhone Distribution";
				CODE_SIGN_STYLE = Manual;
				DEVELOPMENT_TEAM = HGVGKE57E6;
				GENERATE_INFOPLIST_FILE = YES;
				INFOPLIST_FILE = "Overamped Extension/Info.plist";
				INFOPLIST_KEY_CFBundleDisplayName = "Overamped Extension";
				INFOPLIST_KEY_CFBundleExecutable = "Overamped Extension";
				INFOPLIST_KEY_CFBundleName = "Overamped Extension";
				INFOPLIST_KEY_NSHumanReadableCopyright = "";
				IPHONEOS_DEPLOYMENT_TARGET = 15.0;
				LD_RUNPATH_SEARCH_PATHS = (
					"$(inherited)",
					"@executable_path/Frameworks",
					"@executable_path/../../Frameworks",
				);
				PRODUCT_BUNDLE_IDENTIFIER = net.yetii.Overamped.Extension;
				PRODUCT_NAME = "$(TARGET_NAME)";
				PROVISIONING_PROFILE_SPECIFIER = "match AppStore net.yetii.Overamped.Extension";
				SKIP_INSTALL = YES;
				SWIFT_EMIT_LOC_STRINGS = YES;
				SWIFT_VERSION = 5.0;
				TARGETED_DEVICE_FAMILY = "1,2";
			};
			name = Release;
		};
		D9FF5BA7268142B90027BD81 /* Debug */ = {
			isa = XCBuildConfiguration;
			buildSettings = {
				ALWAYS_EMBED_SWIFT_STANDARD_LIBRARIES = YES;
				ASSETCATALOG_COMPILER_APPICON_NAME = AppIcon;
				ASSETCATALOG_COMPILER_GLOBAL_ACCENT_COLOR_NAME = AccentColor;
				ASSETCATALOG_COMPILER_INCLUDE_ALL_APPICON_ASSETS = NO;
				CODE_SIGN_ENTITLEMENTS = Overamped/Overamped.entitlements;
				CODE_SIGN_IDENTITY = "Apple Development";
				CODE_SIGN_STYLE = Automatic;
				DEVELOPMENT_TEAM = HGVGKE57E6;
				GENERATE_INFOPLIST_FILE = YES;
				INFOPLIST_FILE = Overamped/Info.plist;
				INFOPLIST_KEY_CFBundleDisplayName = Overamped;
				INFOPLIST_KEY_CFBundleExecutable = Overamped;
				INFOPLIST_KEY_CFBundleName = Overamped;
				INFOPLIST_KEY_UIApplicationSupportsIndirectInputEvents = YES;
				INFOPLIST_KEY_UILaunchStoryboardName = LaunchScreen;
				INFOPLIST_KEY_UISupportedInterfaceOrientations = UIInterfaceOrientationPortrait;
				INFOPLIST_KEY_UISupportedInterfaceOrientations_iPad = "UIInterfaceOrientationPortrait UIInterfaceOrientationPortraitUpsideDown UIInterfaceOrientationLandscapeLeft UIInterfaceOrientationLandscapeRight";
				INFOPLIST_KEY_UISupportedInterfaceOrientations_iPhone = "UIInterfaceOrientationPortrait UIInterfaceOrientationLandscapeLeft UIInterfaceOrientationLandscapeRight";
				IPHONEOS_DEPLOYMENT_TARGET = 15.0;
				LD_RUNPATH_SEARCH_PATHS = (
					"$(inherited)",
					"@executable_path/Frameworks",
				);
				OTHER_LDFLAGS = (
					"-framework",
					WebKit,
				);
				PRODUCT_BUNDLE_IDENTIFIER = net.yetii.Overamped;
				PRODUCT_NAME = "$(TARGET_NAME)";
				PROVISIONING_PROFILE_SPECIFIER = "";
				SWIFT_EMIT_LOC_STRINGS = YES;
				SWIFT_VERSION = 5.0;
				TARGETED_DEVICE_FAMILY = "1,2";
			};
			name = Debug;
		};
		D9FF5BA8268142B90027BD81 /* Release */ = {
			isa = XCBuildConfiguration;
			buildSettings = {
				ALWAYS_EMBED_SWIFT_STANDARD_LIBRARIES = YES;
				ASSETCATALOG_COMPILER_APPICON_NAME = AppIcon;
				ASSETCATALOG_COMPILER_GLOBAL_ACCENT_COLOR_NAME = AccentColor;
				ASSETCATALOG_COMPILER_INCLUDE_ALL_APPICON_ASSETS = NO;
				CODE_SIGN_ENTITLEMENTS = Overamped/Overamped.entitlements;
				CODE_SIGN_IDENTITY = "iPhone Distribution";
				CODE_SIGN_STYLE = Manual;
				DEVELOPMENT_TEAM = HGVGKE57E6;
				GENERATE_INFOPLIST_FILE = YES;
				INFOPLIST_FILE = Overamped/Info.plist;
				INFOPLIST_KEY_CFBundleDisplayName = Overamped;
				INFOPLIST_KEY_CFBundleExecutable = Overamped;
				INFOPLIST_KEY_CFBundleName = Overamped;
				INFOPLIST_KEY_UIApplicationSupportsIndirectInputEvents = YES;
				INFOPLIST_KEY_UILaunchStoryboardName = LaunchScreen;
				INFOPLIST_KEY_UISupportedInterfaceOrientations = UIInterfaceOrientationPortrait;
				INFOPLIST_KEY_UISupportedInterfaceOrientations_iPad = "UIInterfaceOrientationPortrait UIInterfaceOrientationPortraitUpsideDown UIInterfaceOrientationLandscapeLeft UIInterfaceOrientationLandscapeRight";
				INFOPLIST_KEY_UISupportedInterfaceOrientations_iPhone = "UIInterfaceOrientationPortrait UIInterfaceOrientationLandscapeLeft UIInterfaceOrientationLandscapeRight";
				IPHONEOS_DEPLOYMENT_TARGET = 15.0;
				LD_RUNPATH_SEARCH_PATHS = (
					"$(inherited)",
					"@executable_path/Frameworks",
				);
				OTHER_LDFLAGS = (
					"-framework",
					WebKit,
				);
				PRODUCT_BUNDLE_IDENTIFIER = net.yetii.Overamped;
				PRODUCT_NAME = "$(TARGET_NAME)";
				PROVISIONING_PROFILE_SPECIFIER = "match AppStore net.yetii.Overamped";
				SWIFT_EMIT_LOC_STRINGS = YES;
				SWIFT_VERSION = 5.0;
				TARGETED_DEVICE_FAMILY = "1,2";
			};
			name = Release;
		};
/* End XCBuildConfiguration section */

/* Begin XCConfigurationList section */
		D95A92B3271C469700B8FA79 /* Build configuration list for PBXNativeTarget "WidgetsExtension" */ = {
			isa = XCConfigurationList;
			buildConfigurations = (
				D95A92B4271C469700B8FA79 /* Debug */,
				D95A92B5271C469700B8FA79 /* Release */,
			);
			defaultConfigurationIsVisible = 0;
			defaultConfigurationName = Release;
		};
		D9A2FA1226D997A5007F9F9E /* Build configuration list for PBXNativeTarget "Overamped Screenshots" */ = {
			isa = XCConfigurationList;
			buildConfigurations = (
				D9A2FA1026D997A5007F9F9E /* Debug */,
				D9A2FA1126D997A5007F9F9E /* Release */,
			);
			defaultConfigurationIsVisible = 0;
			defaultConfigurationName = Release;
		};
		D9B9D5942698B1F600F7D361 /* Build configuration list for PBXNativeTarget "Overamped Extension UI Tests" */ = {
			isa = XCConfigurationList;
			buildConfigurations = (
				D9B9D5952698B1F600F7D361 /* Debug */,
				D9B9D5962698B1F600F7D361 /* Release */,
			);
			defaultConfigurationIsVisible = 0;
			defaultConfigurationName = Release;
		};
		D9FF5B64268142B30027BD81 /* Build configuration list for PBXProject "Overamped" */ = {
			isa = XCConfigurationList;
			buildConfigurations = (
				D9FF5BA0268142B90027BD81 /* Debug */,
				D9FF5BA1268142B90027BD81 /* Release */,
			);
			defaultConfigurationIsVisible = 0;
			defaultConfigurationName = Release;
		};
		D9FF5BA2268142B90027BD81 /* Build configuration list for PBXNativeTarget "Overamped Extension" */ = {
			isa = XCConfigurationList;
			buildConfigurations = (
				D9FF5BA3268142B90027BD81 /* Debug */,
				D9FF5BA4268142B90027BD81 /* Release */,
			);
			defaultConfigurationIsVisible = 0;
			defaultConfigurationName = Release;
		};
		D9FF5BA6268142B90027BD81 /* Build configuration list for PBXNativeTarget "Overamped" */ = {
			isa = XCConfigurationList;
			buildConfigurations = (
				D9FF5BA7268142B90027BD81 /* Debug */,
				D9FF5BA8268142B90027BD81 /* Release */,
			);
			defaultConfigurationIsVisible = 0;
			defaultConfigurationName = Release;
		};
/* End XCConfigurationList section */

/* Begin XCRemoteSwiftPackageReference section */
		D9B8EC0426A3E42E00C1243E /* XCRemoteSwiftPackageReference "Persist" */ = {
			isa = XCRemoteSwiftPackageReference;
			repositoryURL = "https://github.com/JosephDuffy/Persist.git";
			requirement = {
				kind = upToNextMajorVersion;
				minimumVersion = 1.2.1;
			};
		};
/* End XCRemoteSwiftPackageReference section */

/* Begin XCSwiftPackageProductDependency section */
		D95A92B6271C46F100B8FA79 /* Persist */ = {
			isa = XCSwiftPackageProductDependency;
			package = D9B8EC0426A3E42E00C1243E /* XCRemoteSwiftPackageReference "Persist" */;
			productName = Persist;
		};
		D95A92B8271C470100B8FA79 /* OverampedCore */ = {
			isa = XCSwiftPackageProductDependency;
			productName = OverampedCore;
		};
		D994C64026A26C6E000649AA /* OverampedCore */ = {
			isa = XCSwiftPackageProductDependency;
			productName = OverampedCore;
		};
		D99B9AFC26C5882000619FC7 /* Persist */ = {
			isa = XCSwiftPackageProductDependency;
			package = D9B8EC0426A3E42E00C1243E /* XCRemoteSwiftPackageReference "Persist" */;
			productName = Persist;
		};
		D9A2FA1726D99A09007F9F9E /* Persist */ = {
			isa = XCSwiftPackageProductDependency;
			package = D9B8EC0426A3E42E00C1243E /* XCRemoteSwiftPackageReference "Persist" */;
			productName = Persist;
		};
		D9A2FA1926D99A0C007F9F9E /* OverampedCore */ = {
			isa = XCSwiftPackageProductDependency;
			productName = OverampedCore;
		};
		D9B8EC0526A3E42E00C1243E /* Persist */ = {
			isa = XCSwiftPackageProductDependency;
			package = D9B8EC0426A3E42E00C1243E /* XCRemoteSwiftPackageReference "Persist" */;
			productName = Persist;
		};
		D9DC7AEB26B61CB0005C8430 /* OverampedCore */ = {
			isa = XCSwiftPackageProductDependency;
			productName = OverampedCore;
		};
/* End XCSwiftPackageProductDependency section */
	};
	rootObject = D9FF5B61268142B30027BD81 /* Project object */;
}
