// !$*UTF8*$!
{
	archiveVersion = 1;
	classes = {
	};
	objectVersion = 55;
	objects = {

/* Begin PBXBuildFile section */
		D939C26F26A92C8700CE8AC6 /* SurveyView.swift in Sources */ = {isa = PBXBuildFile; fileRef = D939C26E26A92C8700CE8AC6 /* SurveyView.swift */; };
		D939C27126A92F1B00CE8AC6 /* SurveyPricesProvider.swift in Sources */ = {isa = PBXBuildFile; fileRef = D939C27026A92F1B00CE8AC6 /* SurveyPricesProvider.swift */; };
		D967DAD72686484100B328C6 /* popup.js in Resources */ = {isa = PBXBuildFile; fileRef = D967DAD42686484100B328C6 /* popup.js */; };
		D967DAD82687627500B328C6 /* popup.css in Resources */ = {isa = PBXBuildFile; fileRef = D967DAD52686484100B328C6 /* popup.css */; };
		D967DAD92687627500B328C6 /* popup.html in Resources */ = {isa = PBXBuildFile; fileRef = D967DAD62686484100B328C6 /* popup.html */; };
		D984BB9B26A8F54200500856 /* IgnoredHostnamesView.swift in Sources */ = {isa = PBXBuildFile; fileRef = D984BB9A26A8F54200500856 /* IgnoredHostnamesView.swift */; };
		D993C5662684B052002A84E6 /* google-amp-content.js in Resources */ = {isa = PBXBuildFile; fileRef = D993C5622684B04F002A84E6 /* google-amp-content.js */; };
		D993C5672684B052002A84E6 /* google-search-content.js in Resources */ = {isa = PBXBuildFile; fileRef = D993C5632684B04F002A84E6 /* google-search-content.js */; };
		D994C63826A13682000649AA /* TipJarStore.swift in Sources */ = {isa = PBXBuildFile; fileRef = D994C63726A13682000649AA /* TipJarStore.swift */; };
		D994C63B26A1EF9B000649AA /* TipJarView.swift in Sources */ = {isa = PBXBuildFile; fileRef = D994C63A26A1EF9A000649AA /* TipJarView.swift */; };
		D994C64126A26C6E000649AA /* OverampedCore in Frameworks */ = {isa = PBXBuildFile; productRef = D994C64026A26C6E000649AA /* OverampedCore */; };
		D994C64326A26D29000649AA /* OverampedCoreImport.swift in Sources */ = {isa = PBXBuildFile; fileRef = D994C64226A26D29000649AA /* OverampedCoreImport.swift */; };
		D9A2D74E269A020C00BED34A /* google-news-article.js in Resources */ = {isa = PBXBuildFile; fileRef = D9A2D74C269A020600BED34A /* google-news-article.js */; };
		D9AB8C03269A626A00D225F8 /* FeedbackForm.swift in Sources */ = {isa = PBXBuildFile; fileRef = D9AB8C02269A626A00D225F8 /* FeedbackForm.swift */; };
		D9AB8C05269A62D800D225F8 /* OverampedApp.swift in Sources */ = {isa = PBXBuildFile; fileRef = D9AB8C04269A62D800D225F8 /* OverampedApp.swift */; };
		D9AB8C07269A7F7C00D225F8 /* InstallationInstructionsView.swift in Sources */ = {isa = PBXBuildFile; fileRef = D9AB8C06269A7F7C00D225F8 /* InstallationInstructionsView.swift */; };
		D9AB8C09269A895500D225F8 /* OverampedTabs.swift in Sources */ = {isa = PBXBuildFile; fileRef = D9AB8C08269A895500D225F8 /* OverampedTabs.swift */; };
		D9B8EC0326A29F2800C1243E /* background.js in Resources */ = {isa = PBXBuildFile; fileRef = D9B8EC0226A29F2800C1243E /* background.js */; };
		D9B8EC0626A3E42E00C1243E /* Persist in Frameworks */ = {isa = PBXBuildFile; productRef = D9B8EC0526A3E42E00C1243E /* Persist */; };
		D9B9D5912698B1F600F7D361 /* Overamped_Extension_UI_Tests.swift in Sources */ = {isa = PBXBuildFile; fileRef = D9B9D5902698B1F600F7D361 /* Overamped_Extension_UI_Tests.swift */; };
		D9CC9D9D26AA79DA00FE447C /* SurveyAnswers.swift in Sources */ = {isa = PBXBuildFile; fileRef = D9CC9D9C26AA79DA00FE447C /* SurveyAnswers.swift */; };
		D9CC9D9F26AA943300FE447C /* ActivityView.swift in Sources */ = {isa = PBXBuildFile; fileRef = D9CC9D9E26AA943300FE447C /* ActivityView.swift */; };
		D9CDF0AB26A0F67C006F6B99 /* SupportView.swift in Sources */ = {isa = PBXBuildFile; fileRef = D9CDF0AA26A0F67B006F6B99 /* SupportView.swift */; };
		D9CDF0AD26A0FC72006F6B99 /* SettingsView.swift in Sources */ = {isa = PBXBuildFile; fileRef = D9CDF0AC26A0FC72006F6B99 /* SettingsView.swift */; };
		D9CDF0AF26A10052006F6B99 /* StatisticsView.swift in Sources */ = {isa = PBXBuildFile; fileRef = D9CDF0AE26A10052006F6B99 /* StatisticsView.swift */; };
		D9FF5B7C268142B30027BD81 /* LaunchScreen.storyboard in Resources */ = {isa = PBXBuildFile; fileRef = D9FF5B7A268142B30027BD81 /* LaunchScreen.storyboard */; };
		D9FF5B87268142B90027BD81 /* Overamped Extension.appex in Embed App Extensions */ = {isa = PBXBuildFile; fileRef = D9FF5B86268142B90027BD81 /* Overamped Extension.appex */; settings = {ATTRIBUTES = (RemoveHeadersOnCopy, ); }; };
		D9FF5B8C268142B90027BD81 /* SafariWebExtensionHandler.swift in Sources */ = {isa = PBXBuildFile; fileRef = D9FF5B8B268142B90027BD81 /* SafariWebExtensionHandler.swift */; };
		D9FF5B8F268142B90027BD81 /* _locales in Resources */ = {isa = PBXBuildFile; fileRef = D9FF5B8E268142B90027BD81 /* _locales */; };
		D9FF5B91268142B90027BD81 /* images in Resources */ = {isa = PBXBuildFile; fileRef = D9FF5B90268142B90027BD81 /* images */; };
		D9FF5B93268142B90027BD81 /* manifest.json in Resources */ = {isa = PBXBuildFile; fileRef = D9FF5B92268142B90027BD81 /* manifest.json */; };
		D9FF5B9F268142B90027BD81 /* Assets.xcassets in Resources */ = {isa = PBXBuildFile; fileRef = D9FF5B80268142B90027BD81 /* Assets.xcassets */; };
/* End PBXBuildFile section */

/* Begin PBXContainerItemProxy section */
		D9B9D5922698B1F600F7D361 /* PBXContainerItemProxy */ = {
			isa = PBXContainerItemProxy;
			containerPortal = D9FF5B61268142B30027BD81 /* Project object */;
			proxyType = 1;
			remoteGlobalIDString = D9FF5B68268142B30027BD81;
			remoteInfo = Overamped;
		};
		D9FF5B88268142B90027BD81 /* PBXContainerItemProxy */ = {
			isa = PBXContainerItemProxy;
			containerPortal = D9FF5B61268142B30027BD81 /* Project object */;
			proxyType = 1;
			remoteGlobalIDString = D9FF5B85268142B90027BD81;
			remoteInfo = "Overamped Extension";
		};
/* End PBXContainerItemProxy section */

/* Begin PBXCopyFilesBuildPhase section */
		D9FF5BA5268142B90027BD81 /* Embed App Extensions */ = {
			isa = PBXCopyFilesBuildPhase;
			buildActionMask = 2147483647;
			dstPath = "";
			dstSubfolderSpec = 13;
			files = (
				D9FF5B87268142B90027BD81 /* Overamped Extension.appex in Embed App Extensions */,
			);
			name = "Embed App Extensions";
			runOnlyForDeploymentPostprocessing = 0;
		};
/* End PBXCopyFilesBuildPhase section */

/* Begin PBXFileReference section */
		D939C26E26A92C8700CE8AC6 /* SurveyView.swift */ = {isa = PBXFileReference; lastKnownFileType = sourcecode.swift; path = SurveyView.swift; sourceTree = "<group>"; };
		D939C27026A92F1B00CE8AC6 /* SurveyPricesProvider.swift */ = {isa = PBXFileReference; lastKnownFileType = sourcecode.swift; path = SurveyPricesProvider.swift; sourceTree = "<group>"; };
		D967DAD42686484100B328C6 /* popup.js */ = {isa = PBXFileReference; lastKnownFileType = sourcecode.javascript; path = popup.js; sourceTree = "<group>"; };
		D967DAD52686484100B328C6 /* popup.css */ = {isa = PBXFileReference; lastKnownFileType = text.css; path = popup.css; sourceTree = "<group>"; };
		D967DAD62686484100B328C6 /* popup.html */ = {isa = PBXFileReference; lastKnownFileType = text.html; path = popup.html; sourceTree = "<group>"; };
		D967DADB268799B400B328C6 /* popup.ts */ = {isa = PBXFileReference; explicitFileType = sourcecode.javascript; path = popup.ts; sourceTree = "<group>"; };
		D984BB9A26A8F54200500856 /* IgnoredHostnamesView.swift */ = {isa = PBXFileReference; lastKnownFileType = sourcecode.swift; path = IgnoredHostnamesView.swift; sourceTree = "<group>"; };
		D993C5622684B04F002A84E6 /* google-amp-content.js */ = {isa = PBXFileReference; lastKnownFileType = sourcecode.javascript; path = "google-amp-content.js"; sourceTree = "<group>"; };
		D993C5632684B04F002A84E6 /* google-search-content.js */ = {isa = PBXFileReference; lastKnownFileType = sourcecode.javascript; path = "google-search-content.js"; sourceTree = "<group>"; };
		D993C5642684B04F002A84E6 /* google-search-content.ts */ = {isa = PBXFileReference; explicitFileType = sourcecode.javascript; path = "google-search-content.ts"; sourceTree = "<group>"; };
		D993C5652684B04F002A84E6 /* google-amp-content.ts */ = {isa = PBXFileReference; explicitFileType = sourcecode.javascript; path = "google-amp-content.ts"; sourceTree = "<group>"; };
		D994C63726A13682000649AA /* TipJarStore.swift */ = {isa = PBXFileReference; lastKnownFileType = sourcecode.swift; path = TipJarStore.swift; sourceTree = "<group>"; };
		D994C63926A143F8000649AA /* Products.storekit */ = {isa = PBXFileReference; lastKnownFileType = text; path = Products.storekit; sourceTree = "<group>"; };
		D994C63A26A1EF9A000649AA /* TipJarView.swift */ = {isa = PBXFileReference; lastKnownFileType = sourcecode.swift; path = TipJarView.swift; sourceTree = "<group>"; };
		D994C63E26A2686B000649AA /* OverampedCore */ = {isa = PBXFileReference; lastKnownFileType = folder; path = OverampedCore; sourceTree = "<group>"; };
		D994C64226A26D29000649AA /* OverampedCoreImport.swift */ = {isa = PBXFileReference; lastKnownFileType = sourcecode.swift; path = OverampedCoreImport.swift; sourceTree = "<group>"; };
		D9A2D74C269A020600BED34A /* google-news-article.js */ = {isa = PBXFileReference; lastKnownFileType = sourcecode.javascript; path = "google-news-article.js"; sourceTree = "<group>"; };
		D9A2D74D269A020600BED34A /* google-news-article.ts */ = {isa = PBXFileReference; lastKnownFileType = text; path = "google-news-article.ts"; sourceTree = "<group>"; };
		D9AB8C02269A626A00D225F8 /* FeedbackForm.swift */ = {isa = PBXFileReference; lastKnownFileType = sourcecode.swift; path = FeedbackForm.swift; sourceTree = "<group>"; };
		D9AB8C04269A62D800D225F8 /* OverampedApp.swift */ = {isa = PBXFileReference; lastKnownFileType = sourcecode.swift; path = OverampedApp.swift; sourceTree = "<group>"; };
		D9AB8C06269A7F7C00D225F8 /* InstallationInstructionsView.swift */ = {isa = PBXFileReference; lastKnownFileType = sourcecode.swift; path = InstallationInstructionsView.swift; sourceTree = "<group>"; };
		D9AB8C08269A895500D225F8 /* OverampedTabs.swift */ = {isa = PBXFileReference; lastKnownFileType = sourcecode.swift; path = OverampedTabs.swift; sourceTree = "<group>"; };
		D9AB8C0A269A8A7C00D225F8 /* Overamped.entitlements */ = {isa = PBXFileReference; lastKnownFileType = text.plist.entitlements; path = Overamped.entitlements; sourceTree = "<group>"; };
		D9B8EBFF26A29DB300C1243E /* Overamped Extension.entitlements */ = {isa = PBXFileReference; lastKnownFileType = text.plist.entitlements; path = "Overamped Extension.entitlements"; sourceTree = "<group>"; };
		D9B8EC0126A29F2000C1243E /* background.ts */ = {isa = PBXFileReference; lastKnownFileType = text; path = background.ts; sourceTree = "<group>"; };
		D9B8EC0226A29F2800C1243E /* background.js */ = {isa = PBXFileReference; fileEncoding = 4; lastKnownFileType = sourcecode.javascript; path = background.js; sourceTree = "<group>"; };
		D9B9D58E2698B1F500F7D361 /* Overamped Extension UI Tests.xctest */ = {isa = PBXFileReference; explicitFileType = wrapper.cfbundle; includeInIndex = 0; path = "Overamped Extension UI Tests.xctest"; sourceTree = BUILT_PRODUCTS_DIR; };
		D9B9D5902698B1F600F7D361 /* Overamped_Extension_UI_Tests.swift */ = {isa = PBXFileReference; lastKnownFileType = sourcecode.swift; path = Overamped_Extension_UI_Tests.swift; sourceTree = "<group>"; };
		D9CC9D9C26AA79DA00FE447C /* SurveyAnswers.swift */ = {isa = PBXFileReference; lastKnownFileType = sourcecode.swift; path = SurveyAnswers.swift; sourceTree = "<group>"; };
		D9CC9D9E26AA943300FE447C /* ActivityView.swift */ = {isa = PBXFileReference; lastKnownFileType = sourcecode.swift; path = ActivityView.swift; sourceTree = "<group>"; };
		D9CDF0AA26A0F67B006F6B99 /* SupportView.swift */ = {isa = PBXFileReference; lastKnownFileType = sourcecode.swift; path = SupportView.swift; sourceTree = "<group>"; };
		D9CDF0AC26A0FC72006F6B99 /* SettingsView.swift */ = {isa = PBXFileReference; lastKnownFileType = sourcecode.swift; path = SettingsView.swift; sourceTree = "<group>"; };
		D9CDF0AE26A10052006F6B99 /* StatisticsView.swift */ = {isa = PBXFileReference; lastKnownFileType = sourcecode.swift; path = StatisticsView.swift; sourceTree = "<group>"; };
		D9FF5B69268142B30027BD81 /* Overamped.app */ = {isa = PBXFileReference; explicitFileType = wrapper.application; includeInIndex = 0; path = Overamped.app; sourceTree = BUILT_PRODUCTS_DIR; };
		D9FF5B7B268142B30027BD81 /* Base */ = {isa = PBXFileReference; lastKnownFileType = file.storyboard; name = Base; path = Base.lproj/LaunchScreen.storyboard; sourceTree = "<group>"; };
		D9FF5B80268142B90027BD81 /* Assets.xcassets */ = {isa = PBXFileReference; lastKnownFileType = folder.assetcatalog; path = Assets.xcassets; sourceTree = "<group>"; };
		D9FF5B81268142B90027BD81 /* Info.plist */ = {isa = PBXFileReference; lastKnownFileType = text.plist.xml; path = Info.plist; sourceTree = "<group>"; };
		D9FF5B86268142B90027BD81 /* Overamped Extension.appex */ = {isa = PBXFileReference; explicitFileType = "wrapper.app-extension"; includeInIndex = 0; path = "Overamped Extension.appex"; sourceTree = BUILT_PRODUCTS_DIR; };
		D9FF5B8B268142B90027BD81 /* SafariWebExtensionHandler.swift */ = {isa = PBXFileReference; lastKnownFileType = sourcecode.swift; path = SafariWebExtensionHandler.swift; sourceTree = "<group>"; };
		D9FF5B8E268142B90027BD81 /* _locales */ = {isa = PBXFileReference; lastKnownFileType = folder; path = _locales; sourceTree = "<group>"; };
		D9FF5B90268142B90027BD81 /* images */ = {isa = PBXFileReference; lastKnownFileType = folder; path = images; sourceTree = "<group>"; };
		D9FF5B92268142B90027BD81 /* manifest.json */ = {isa = PBXFileReference; lastKnownFileType = text.json; path = manifest.json; sourceTree = "<group>"; };
		D9FF5B9E268142B90027BD81 /* Info.plist */ = {isa = PBXFileReference; lastKnownFileType = text.plist.xml; path = Info.plist; sourceTree = "<group>"; };
/* End PBXFileReference section */

/* Begin PBXFrameworksBuildPhase section */
		D9B9D58B2698B1F500F7D361 /* Frameworks */ = {
			isa = PBXFrameworksBuildPhase;
			buildActionMask = 2147483647;
			files = (
			);
			runOnlyForDeploymentPostprocessing = 0;
		};
		D9FF5B66268142B30027BD81 /* Frameworks */ = {
			isa = PBXFrameworksBuildPhase;
			buildActionMask = 2147483647;
			files = (
				D994C64126A26C6E000649AA /* OverampedCore in Frameworks */,
				D9B8EC0626A3E42E00C1243E /* Persist in Frameworks */,
			);
			runOnlyForDeploymentPostprocessing = 0;
		};
		D9FF5B83268142B90027BD81 /* Frameworks */ = {
			isa = PBXFrameworksBuildPhase;
			buildActionMask = 2147483647;
			files = (
			);
			runOnlyForDeploymentPostprocessing = 0;
		};
/* End PBXFrameworksBuildPhase section */

/* Begin PBXGroup section */
		D994C63F26A26C6E000649AA /* Frameworks */ = {
			isa = PBXGroup;
			children = (
			);
			name = Frameworks;
			sourceTree = "<group>";
		};
		D9B9D58F2698B1F600F7D361 /* Overamped Extension UI Tests */ = {
			isa = PBXGroup;
			children = (
				D9B9D5902698B1F600F7D361 /* Overamped_Extension_UI_Tests.swift */,
			);
			path = "Overamped Extension UI Tests";
			sourceTree = "<group>";
		};
		D9FF5B60268142B30027BD81 = {
			isa = PBXGroup;
			children = (
				D9FF5B6B268142B30027BD81 /* Overamped */,
				D994C63E26A2686B000649AA /* OverampedCore */,
				D9FF5B8A268142B90027BD81 /* Overamped Extension */,
				D9B9D58F2698B1F600F7D361 /* Overamped Extension UI Tests */,
				D9FF5B6A268142B30027BD81 /* Products */,
				D994C63F26A26C6E000649AA /* Frameworks */,
			);
			sourceTree = "<group>";
		};
		D9FF5B6A268142B30027BD81 /* Products */ = {
			isa = PBXGroup;
			children = (
				D9FF5B69268142B30027BD81 /* Overamped.app */,
				D9FF5B86268142B90027BD81 /* Overamped Extension.appex */,
				D9B9D58E2698B1F500F7D361 /* Overamped Extension UI Tests.xctest */,
			);
			name = Products;
			sourceTree = "<group>";
		};
		D9FF5B6B268142B30027BD81 /* Overamped */ = {
			isa = PBXGroup;
			children = (
				D9AB8C04269A62D800D225F8 /* OverampedApp.swift */,
				D9AB8C08269A895500D225F8 /* OverampedTabs.swift */,
				D984BB9A26A8F54200500856 /* IgnoredHostnamesView.swift */,
				D9AB8C02269A626A00D225F8 /* FeedbackForm.swift */,
				D9AB8C06269A7F7C00D225F8 /* InstallationInstructionsView.swift */,
				D9CDF0AA26A0F67B006F6B99 /* SupportView.swift */,
				D939C26E26A92C8700CE8AC6 /* SurveyView.swift */,
				D9CC9D9C26AA79DA00FE447C /* SurveyAnswers.swift */,
				D939C27026A92F1B00CE8AC6 /* SurveyPricesProvider.swift */,
				D994C63A26A1EF9A000649AA /* TipJarView.swift */,
				D9CDF0AC26A0FC72006F6B99 /* SettingsView.swift */,
				D9CDF0AE26A10052006F6B99 /* StatisticsView.swift */,
				D994C63726A13682000649AA /* TipJarStore.swift */,
				D9CC9D9E26AA943300FE447C /* ActivityView.swift */,
				D994C64226A26D29000649AA /* OverampedCoreImport.swift */,
				D994C63926A143F8000649AA /* Products.storekit */,
				D9FF5B7A268142B30027BD81 /* LaunchScreen.storyboard */,
				D9FF5B80268142B90027BD81 /* Assets.xcassets */,
				D9AB8C0A269A8A7C00D225F8 /* Overamped.entitlements */,
				D9FF5B81268142B90027BD81 /* Info.plist */,
			);
			path = Overamped;
			sourceTree = "<group>";
		};
		D9FF5B8A268142B90027BD81 /* Overamped Extension */ = {
			isa = PBXGroup;
			children = (
				D9B8EBFF26A29DB300C1243E /* Overamped Extension.entitlements */,
				D9FF5B8B268142B90027BD81 /* SafariWebExtensionHandler.swift */,
				D9FF5B9E268142B90027BD81 /* Info.plist */,
				D9FF5B8D268142B90027BD81 /* Resources */,
			);
			path = "Overamped Extension";
			sourceTree = "<group>";
		};
		D9FF5B8D268142B90027BD81 /* Resources */ = {
			isa = PBXGroup;
			children = (
				D9FF5B8E268142B90027BD81 /* _locales */,
				D9FF5B90268142B90027BD81 /* images */,
				D9FF5B92268142B90027BD81 /* manifest.json */,
				D967DAD52686484100B328C6 /* popup.css */,
				D967DAD62686484100B328C6 /* popup.html */,
				D9B8EC0226A29F2800C1243E /* background.js */,
				D9B8EC0126A29F2000C1243E /* background.ts */,
				D967DAD42686484100B328C6 /* popup.js */,
				D967DADB268799B400B328C6 /* popup.ts */,
				D993C5622684B04F002A84E6 /* google-amp-content.js */,
				D993C5652684B04F002A84E6 /* google-amp-content.ts */,
				D9A2D74C269A020600BED34A /* google-news-article.js */,
				D9A2D74D269A020600BED34A /* google-news-article.ts */,
				D993C5632684B04F002A84E6 /* google-search-content.js */,
				D993C5642684B04F002A84E6 /* google-search-content.ts */,
			);
			path = Resources;
			sourceTree = "<group>";
		};
/* End PBXGroup section */

/* Begin PBXNativeTarget section */
		D9B9D58D2698B1F500F7D361 /* Overamped Extension UI Tests */ = {
			isa = PBXNativeTarget;
			buildConfigurationList = D9B9D5942698B1F600F7D361 /* Build configuration list for PBXNativeTarget "Overamped Extension UI Tests" */;
			buildPhases = (
				D9B9D58A2698B1F500F7D361 /* Sources */,
				D9B9D58B2698B1F500F7D361 /* Frameworks */,
				D9B9D58C2698B1F500F7D361 /* Resources */,
			);
			buildRules = (
			);
			dependencies = (
				D9B9D5932698B1F600F7D361 /* PBXTargetDependency */,
			);
			name = "Overamped Extension UI Tests";
			productName = "Overamped Extension UI Tests";
			productReference = D9B9D58E2698B1F500F7D361 /* Overamped Extension UI Tests.xctest */;
			productType = "com.apple.product-type.bundle.ui-testing";
		};
		D9FF5B68268142B30027BD81 /* Overamped */ = {
			isa = PBXNativeTarget;
			buildConfigurationList = D9FF5BA6268142B90027BD81 /* Build configuration list for PBXNativeTarget "Overamped" */;
			buildPhases = (
				D9FF5B65268142B30027BD81 /* Sources */,
				D9FF5B66268142B30027BD81 /* Frameworks */,
				D9FF5B67268142B30027BD81 /* Resources */,
				D9FF5BA5268142B90027BD81 /* Embed App Extensions */,
			);
			buildRules = (
			);
			dependencies = (
				D9FF5B89268142B90027BD81 /* PBXTargetDependency */,
			);
			name = Overamped;
			packageProductDependencies = (
				D994C64026A26C6E000649AA /* OverampedCore */,
				D9B8EC0526A3E42E00C1243E /* Persist */,
			);
			productName = Overamped;
			productReference = D9FF5B69268142B30027BD81 /* Overamped.app */;
			productType = "com.apple.product-type.application";
		};
		D9FF5B85268142B90027BD81 /* Overamped Extension */ = {
			isa = PBXNativeTarget;
			buildConfigurationList = D9FF5BA2268142B90027BD81 /* Build configuration list for PBXNativeTarget "Overamped Extension" */;
			buildPhases = (
				D9B8EC0026A29ED900C1243E /* Build background.js */,
				D993C5612684AFDE002A84E6 /* Build google-amp-content.js */,
				D9A2D74B269A013200BED34A /* Build google-news-article.js */,
				D993C55F26849E3F002A84E6 /* Build google-search-content.js */,
				D967DADA2687991100B328C6 /* Build popup.js */,
				D9FF5B82268142B90027BD81 /* Sources */,
				D9FF5B83268142B90027BD81 /* Frameworks */,
				D9FF5B84268142B90027BD81 /* Resources */,
			);
			buildRules = (
			);
			dependencies = (
			);
			name = "Overamped Extension";
			productName = "Overamped Extension";
			productReference = D9FF5B86268142B90027BD81 /* Overamped Extension.appex */;
			productType = "com.apple.product-type.app-extension";
		};
/* End PBXNativeTarget section */

/* Begin PBXProject section */
		D9FF5B61268142B30027BD81 /* Project object */ = {
			isa = PBXProject;
			attributes = {
				BuildIndependentTargetsInParallel = 1;
				LastSwiftUpdateCheck = 1300;
				LastUpgradeCheck = 1300;
				TargetAttributes = {
					D9B9D58D2698B1F500F7D361 = {
						CreatedOnToolsVersion = 13.0;
						TestTargetID = D9FF5B68268142B30027BD81;
					};
					D9FF5B68268142B30027BD81 = {
						CreatedOnToolsVersion = 13.0;
					};
					D9FF5B85268142B90027BD81 = {
						CreatedOnToolsVersion = 13.0;
					};
				};
			};
			buildConfigurationList = D9FF5B64268142B30027BD81 /* Build configuration list for PBXProject "Overamped" */;
			compatibilityVersion = "Xcode 13.0";
			developmentRegion = en;
			hasScannedForEncodings = 0;
			knownRegions = (
				en,
				Base,
			);
			mainGroup = D9FF5B60268142B30027BD81;
			packageReferences = (
				D9B8EC0426A3E42E00C1243E /* XCRemoteSwiftPackageReference "Persist" */,
			);
			productRefGroup = D9FF5B6A268142B30027BD81 /* Products */;
			projectDirPath = "";
			projectRoot = "";
			targets = (
				D9FF5B68268142B30027BD81 /* Overamped */,
				D9FF5B85268142B90027BD81 /* Overamped Extension */,
				D9B9D58D2698B1F500F7D361 /* Overamped Extension UI Tests */,
			);
		};
/* End PBXProject section */

/* Begin PBXResourcesBuildPhase section */
		D9B9D58C2698B1F500F7D361 /* Resources */ = {
			isa = PBXResourcesBuildPhase;
			buildActionMask = 2147483647;
			files = (
			);
			runOnlyForDeploymentPostprocessing = 0;
		};
		D9FF5B67268142B30027BD81 /* Resources */ = {
			isa = PBXResourcesBuildPhase;
			buildActionMask = 2147483647;
			files = (
				D9FF5B7C268142B30027BD81 /* LaunchScreen.storyboard in Resources */,
				D9FF5B9F268142B90027BD81 /* Assets.xcassets in Resources */,
			);
			runOnlyForDeploymentPostprocessing = 0;
		};
		D9FF5B84268142B90027BD81 /* Resources */ = {
			isa = PBXResourcesBuildPhase;
			buildActionMask = 2147483647;
			files = (
				D993C5662684B052002A84E6 /* google-amp-content.js in Resources */,
				D967DAD92687627500B328C6 /* popup.html in Resources */,
				D967DAD82687627500B328C6 /* popup.css in Resources */,
				D967DAD72686484100B328C6 /* popup.js in Resources */,
				D9B8EC0326A29F2800C1243E /* background.js in Resources */,
				D993C5672684B052002A84E6 /* google-search-content.js in Resources */,
				D9A2D74E269A020C00BED34A /* google-news-article.js in Resources */,
				D9FF5B91268142B90027BD81 /* images in Resources */,
				D9FF5B93268142B90027BD81 /* manifest.json in Resources */,
				D9FF5B8F268142B90027BD81 /* _locales in Resources */,
			);
			runOnlyForDeploymentPostprocessing = 0;
		};
/* End PBXResourcesBuildPhase section */

/* Begin PBXShellScriptBuildPhase section */
		D967DADA2687991100B328C6 /* Build popup.js */ = {
			isa = PBXShellScriptBuildPhase;
			buildActionMask = 12;
			files = (
			);
			inputFileListPaths = (
			);
			inputPaths = (
				"$(SRCROOT)/Overamped Extension/Resources/popup.ts",
				"$(SRCROOT)/Overamped Extension/Resources/ExtensionApplicator.ts",
				"$(SRCROOT)/Overamped Extension/Resources/NativeAppCommunicator.ts",
			);
			name = "Build popup.js";
			outputFileListPaths = (
			);
			outputPaths = (
				"$(SRCROOT)/Overamped Extension/Resources/popup.js",
			);
			runOnlyForDeploymentPostprocessing = 0;
			shellPath = /bin/sh;
			shellScript = "if [ \"${ENABLE_PREVIEWS}\" = \"YES\" ]; then\n  exit 0;\nfi\n\neval \"$(nodenv init -)\"\ncd \"Overamped Extension/Resources\"\nnpm run build-popup\n";
		};
		D993C55F26849E3F002A84E6 /* Build google-search-content.js */ = {
			isa = PBXShellScriptBuildPhase;
			buildActionMask = 12;
			files = (
			);
			inputFileListPaths = (
			);
			inputPaths = (
				"$(SRCROOT)/Overamped Extension/Resources/google-search-content.ts",
				"$(SRCROOT)/Overamped Extension/Resources/ExtensionApplicator.ts",
				"$(SRCROOT)/Overamped Extension/Resources/NativeAppCommunicator.ts",
				"$(SRCROOT)/Overamped Extension/Resources/deampURL.ts",
			);
			name = "Build google-search-content.js";
			outputFileListPaths = (
			);
			outputPaths = (
				"$(SRCROOT)/Overamped Extension/Resources/google-search-content.js",
			);
			runOnlyForDeploymentPostprocessing = 0;
			shellPath = /bin/sh;
			shellScript = "if [ \"${ENABLE_PREVIEWS}\" = \"YES\" ]; then\n  exit 0;\nfi\n\neval \"$(nodenv init -)\"\ncd \"Overamped Extension/Resources\"\nnpm run build-google-search-content\n";
		};
		D993C5612684AFDE002A84E6 /* Build google-amp-content.js */ = {
			isa = PBXShellScriptBuildPhase;
			buildActionMask = 12;
			files = (
			);
			inputFileListPaths = (
			);
			inputPaths = (
				"$(SRCROOT)/Overamped Extension/Resources/google-amp-content.ts",
				"$(SRCROOT)/Overamped Extension/Resources/ExtensionApplicator.ts",
				"$(SRCROOT)/Overamped Extension/Resources/NativeAppCommunicator.ts",
				"$(SRCROOT)/Overamped Extension/Resources/deampURL.ts",
			);
			name = "Build google-amp-content.js";
			outputFileListPaths = (
			);
			outputPaths = (
				"$(SRCROOT)/Overamped Extension/Resources/google-amp-content.js",
			);
			runOnlyForDeploymentPostprocessing = 0;
			shellPath = /bin/sh;
			shellScript = "if [ \"${ENABLE_PREVIEWS}\" = \"YES\" ]; then\n  exit 0;\nfi\n\neval \"$(nodenv init -)\"\ncd \"Overamped Extension/Resources\"\nnpm run build-google-amp-content\n";
		};
		D9A2D74B269A013200BED34A /* Build google-news-article.js */ = {
			isa = PBXShellScriptBuildPhase;
			buildActionMask = 12;
			files = (
			);
			inputFileListPaths = (
			);
			inputPaths = (
				"$(SRCROOT)/Overamped Extension/Resources/google-news-article.ts",
				"$(SRCROOT)/Overamped Extension/Resources/NativeAppCommunicator.ts",
				"$(SRCROOT)/Overamped Extension/Resources/ExtensionApplicator.ts",
			);
			name = "Build google-news-article.js";
			outputFileListPaths = (
			);
			outputPaths = (
				"$(SRCROOT)/Overamped Extension/Resources/google-news-article.js",
			);
			runOnlyForDeploymentPostprocessing = 0;
			shellPath = /bin/sh;
			shellScript = "if [ \"${ENABLE_PREVIEWS}\" = \"YES\" ]; then\n  exit 0;\nfi\n\neval \"$(nodenv init -)\"\ncd \"Overamped Extension/Resources\"\nnpm run build-google-news-article\n";
		};
		D9B8EC0026A29ED900C1243E /* Build background.js */ = {
			isa = PBXShellScriptBuildPhase;
			buildActionMask = 12;
			files = (
			);
			inputFileListPaths = (
			);
			inputPaths = (
				"$(SRCROOT)/Overamped Extension/Resources/background.ts",
			);
			name = "Build background.js";
			outputFileListPaths = (
			);
			outputPaths = (
				"$(SRCROOT)/Overamped Extension/Resources/background.js",
			);
			runOnlyForDeploymentPostprocessing = 0;
			shellPath = /bin/sh;
			shellScript = "if [ \"${ENABLE_PREVIEWS}\" = \"YES\" ]; then\n  exit 0;\nfi\n\neval \"$(nodenv init -)\"\ncd \"Overamped Extension/Resources\"\nnpm run build-background\n";
		};
/* End PBXShellScriptBuildPhase section */

/* Begin PBXSourcesBuildPhase section */
		D9B9D58A2698B1F500F7D361 /* Sources */ = {
			isa = PBXSourcesBuildPhase;
			buildActionMask = 2147483647;
			files = (
				D9B9D5912698B1F600F7D361 /* Overamped_Extension_UI_Tests.swift in Sources */,
			);
			runOnlyForDeploymentPostprocessing = 0;
		};
		D9FF5B65268142B30027BD81 /* Sources */ = {
			isa = PBXSourcesBuildPhase;
			buildActionMask = 2147483647;
			files = (
				D9AB8C09269A895500D225F8 /* OverampedTabs.swift in Sources */,
				D9AB8C03269A626A00D225F8 /* FeedbackForm.swift in Sources */,
				D939C27126A92F1B00CE8AC6 /* SurveyPricesProvider.swift in Sources */,
				D9CDF0AF26A10052006F6B99 /* StatisticsView.swift in Sources */,
				D994C64326A26D29000649AA /* OverampedCoreImport.swift in Sources */,
				D984BB9B26A8F54200500856 /* IgnoredHostnamesView.swift in Sources */,
				D994C63B26A1EF9B000649AA /* TipJarView.swift in Sources */,
				D9CDF0AD26A0FC72006F6B99 /* SettingsView.swift in Sources */,
				D9CC9D9F26AA943300FE447C /* ActivityView.swift in Sources */,
				D9AB8C07269A7F7C00D225F8 /* InstallationInstructionsView.swift in Sources */,
				D9CC9D9D26AA79DA00FE447C /* SurveyAnswers.swift in Sources */,
				D939C26F26A92C8700CE8AC6 /* SurveyView.swift in Sources */,
				D9CDF0AB26A0F67C006F6B99 /* SupportView.swift in Sources */,
				D9AB8C05269A62D800D225F8 /* OverampedApp.swift in Sources */,
				D994C63826A13682000649AA /* TipJarStore.swift in Sources */,
			);
			runOnlyForDeploymentPostprocessing = 0;
		};
		D9FF5B82268142B90027BD81 /* Sources */ = {
			isa = PBXSourcesBuildPhase;
			buildActionMask = 2147483647;
			files = (
				D9FF5B8C268142B90027BD81 /* SafariWebExtensionHandler.swift in Sources */,
			);
			runOnlyForDeploymentPostprocessing = 0;
		};
/* End PBXSourcesBuildPhase section */

/* Begin PBXTargetDependency section */
		D9B9D5932698B1F600F7D361 /* PBXTargetDependency */ = {
			isa = PBXTargetDependency;
			target = D9FF5B68268142B30027BD81 /* Overamped */;
			targetProxy = D9B9D5922698B1F600F7D361 /* PBXContainerItemProxy */;
		};
		D9FF5B89268142B90027BD81 /* PBXTargetDependency */ = {
			isa = PBXTargetDependency;
			target = D9FF5B85268142B90027BD81 /* Overamped Extension */;
			targetProxy = D9FF5B88268142B90027BD81 /* PBXContainerItemProxy */;
		};
/* End PBXTargetDependency section */

/* Begin PBXVariantGroup section */
		D9FF5B7A268142B30027BD81 /* LaunchScreen.storyboard */ = {
			isa = PBXVariantGroup;
			children = (
				D9FF5B7B268142B30027BD81 /* Base */,
			);
			name = LaunchScreen.storyboard;
			sourceTree = "<group>";
		};
/* End PBXVariantGroup section */

/* Begin XCBuildConfiguration section */
		D9B9D5952698B1F600F7D361 /* Debug */ = {
			isa = XCBuildConfiguration;
			buildSettings = {
				CODE_SIGN_STYLE = Automatic;
				CURRENT_PROJECT_VERSION = 1;
				DEVELOPMENT_TEAM = HGVGKE57E6;
				GENERATE_INFOPLIST_FILE = YES;
				LD_RUNPATH_SEARCH_PATHS = (
					"$(inherited)",
					"@executable_path/Frameworks",
					"@loader_path/Frameworks",
				);
				MARKETING_VERSION = 1.0;
				PRODUCT_BUNDLE_IDENTIFIER = "net.yetii.Overamped-Extension-UI-Tests";
				PRODUCT_NAME = "$(TARGET_NAME)";
				SWIFT_EMIT_LOC_STRINGS = NO;
				SWIFT_VERSION = 5.0;
				TARGETED_DEVICE_FAMILY = "1,2";
				TEST_TARGET_NAME = Overamped;
			};
			name = Debug;
		};
		D9B9D5962698B1F600F7D361 /* Release */ = {
			isa = XCBuildConfiguration;
			buildSettings = {
				CODE_SIGN_STYLE = Automatic;
				CURRENT_PROJECT_VERSION = 1;
				DEVELOPMENT_TEAM = HGVGKE57E6;
				GENERATE_INFOPLIST_FILE = YES;
				LD_RUNPATH_SEARCH_PATHS = (
					"$(inherited)",
					"@executable_path/Frameworks",
					"@loader_path/Frameworks",
				);
				MARKETING_VERSION = 1.0;
				PRODUCT_BUNDLE_IDENTIFIER = "net.yetii.Overamped-Extension-UI-Tests";
				PRODUCT_NAME = "$(TARGET_NAME)";
				SWIFT_EMIT_LOC_STRINGS = NO;
				SWIFT_VERSION = 5.0;
				TARGETED_DEVICE_FAMILY = "1,2";
				TEST_TARGET_NAME = Overamped;
			};
			name = Release;
		};
		D9FF5BA0268142B90027BD81 /* Debug */ = {
			isa = XCBuildConfiguration;
			buildSettings = {
				ALWAYS_SEARCH_USER_PATHS = NO;
				CLANG_ANALYZER_NONNULL = YES;
				CLANG_ANALYZER_NUMBER_OBJECT_CONVERSION = YES_AGGRESSIVE;
				CLANG_CXX_LANGUAGE_STANDARD = "gnu++14";
				CLANG_CXX_LIBRARY = "libc++";
				CLANG_ENABLE_MODULES = YES;
				CLANG_ENABLE_OBJC_ARC = YES;
				CLANG_ENABLE_OBJC_WEAK = YES;
				CLANG_WARN_BLOCK_CAPTURE_AUTORELEASING = YES;
				CLANG_WARN_BOOL_CONVERSION = YES;
				CLANG_WARN_COMMA = YES;
				CLANG_WARN_CONSTANT_CONVERSION = YES;
				CLANG_WARN_DEPRECATED_OBJC_IMPLEMENTATIONS = YES;
				CLANG_WARN_DIRECT_OBJC_ISA_USAGE = YES_ERROR;
				CLANG_WARN_DOCUMENTATION_COMMENTS = YES;
				CLANG_WARN_EMPTY_BODY = YES;
				CLANG_WARN_ENUM_CONVERSION = YES;
				CLANG_WARN_INFINITE_RECURSION = YES;
				CLANG_WARN_INT_CONVERSION = YES;
				CLANG_WARN_NON_LITERAL_NULL_CONVERSION = YES;
				CLANG_WARN_OBJC_IMPLICIT_RETAIN_SELF = YES;
				CLANG_WARN_OBJC_LITERAL_CONVERSION = YES;
				CLANG_WARN_OBJC_ROOT_CLASS = YES_ERROR;
				CLANG_WARN_QUOTED_INCLUDE_IN_FRAMEWORK_HEADER = YES;
				CLANG_WARN_RANGE_LOOP_ANALYSIS = YES;
				CLANG_WARN_STRICT_PROTOTYPES = YES;
				CLANG_WARN_SUSPICIOUS_MOVE = YES;
				CLANG_WARN_UNGUARDED_AVAILABILITY = YES_AGGRESSIVE;
				CLANG_WARN_UNREACHABLE_CODE = YES;
				CLANG_WARN__DUPLICATE_METHOD_MATCH = YES;
				COPY_PHASE_STRIP = NO;
				DEBUG_INFORMATION_FORMAT = dwarf;
				ENABLE_STRICT_OBJC_MSGSEND = YES;
				ENABLE_TESTABILITY = YES;
				GCC_C_LANGUAGE_STANDARD = gnu11;
				GCC_DYNAMIC_NO_PIC = NO;
				GCC_NO_COMMON_BLOCKS = YES;
				GCC_OPTIMIZATION_LEVEL = 0;
				GCC_PREPROCESSOR_DEFINITIONS = (
					"DEBUG=1",
					"$(inherited)",
				);
				GCC_WARN_64_TO_32_BIT_CONVERSION = YES;
				GCC_WARN_ABOUT_RETURN_TYPE = YES_ERROR;
				GCC_WARN_UNDECLARED_SELECTOR = YES;
				GCC_WARN_UNINITIALIZED_AUTOS = YES_AGGRESSIVE;
				GCC_WARN_UNUSED_FUNCTION = YES;
				GCC_WARN_UNUSED_VARIABLE = YES;
				INFOPLIST_KEY_CFBundleVersion = 7;
				IPHONEOS_DEPLOYMENT_TARGET = 15.0;
				MTL_ENABLE_DEBUG_INFO = INCLUDE_SOURCE;
				MTL_FAST_MATH = YES;
				ONLY_ACTIVE_ARCH = YES;
				SDKROOT = iphoneos;
				SWIFT_ACTIVE_COMPILATION_CONDITIONS = DEBUG;
				SWIFT_OPTIMIZATION_LEVEL = "-Onone";
			};
			name = Debug;
		};
		D9FF5BA1268142B90027BD81 /* Release */ = {
			isa = XCBuildConfiguration;
			buildSettings = {
				ALWAYS_SEARCH_USER_PATHS = NO;
				CLANG_ANALYZER_NONNULL = YES;
				CLANG_ANALYZER_NUMBER_OBJECT_CONVERSION = YES_AGGRESSIVE;
				CLANG_CXX_LANGUAGE_STANDARD = "gnu++14";
				CLANG_CXX_LIBRARY = "libc++";
				CLANG_ENABLE_MODULES = YES;
				CLANG_ENABLE_OBJC_ARC = YES;
				CLANG_ENABLE_OBJC_WEAK = YES;
				CLANG_WARN_BLOCK_CAPTURE_AUTORELEASING = YES;
				CLANG_WARN_BOOL_CONVERSION = YES;
				CLANG_WARN_COMMA = YES;
				CLANG_WARN_CONSTANT_CONVERSION = YES;
				CLANG_WARN_DEPRECATED_OBJC_IMPLEMENTATIONS = YES;
				CLANG_WARN_DIRECT_OBJC_ISA_USAGE = YES_ERROR;
				CLANG_WARN_DOCUMENTATION_COMMENTS = YES;
				CLANG_WARN_EMPTY_BODY = YES;
				CLANG_WARN_ENUM_CONVERSION = YES;
				CLANG_WARN_INFINITE_RECURSION = YES;
				CLANG_WARN_INT_CONVERSION = YES;
				CLANG_WARN_NON_LITERAL_NULL_CONVERSION = YES;
				CLANG_WARN_OBJC_IMPLICIT_RETAIN_SELF = YES;
				CLANG_WARN_OBJC_LITERAL_CONVERSION = YES;
				CLANG_WARN_OBJC_ROOT_CLASS = YES_ERROR;
				CLANG_WARN_QUOTED_INCLUDE_IN_FRAMEWORK_HEADER = YES;
				CLANG_WARN_RANGE_LOOP_ANALYSIS = YES;
				CLANG_WARN_STRICT_PROTOTYPES = YES;
				CLANG_WARN_SUSPICIOUS_MOVE = YES;
				CLANG_WARN_UNGUARDED_AVAILABILITY = YES_AGGRESSIVE;
				CLANG_WARN_UNREACHABLE_CODE = YES;
				CLANG_WARN__DUPLICATE_METHOD_MATCH = YES;
				COPY_PHASE_STRIP = NO;
				DEBUG_INFORMATION_FORMAT = "dwarf-with-dsym";
				ENABLE_NS_ASSERTIONS = NO;
				ENABLE_STRICT_OBJC_MSGSEND = YES;
				GCC_C_LANGUAGE_STANDARD = gnu11;
				GCC_NO_COMMON_BLOCKS = YES;
				GCC_WARN_64_TO_32_BIT_CONVERSION = YES;
				GCC_WARN_ABOUT_RETURN_TYPE = YES_ERROR;
				GCC_WARN_UNDECLARED_SELECTOR = YES;
				GCC_WARN_UNINITIALIZED_AUTOS = YES_AGGRESSIVE;
				GCC_WARN_UNUSED_FUNCTION = YES;
				GCC_WARN_UNUSED_VARIABLE = YES;
				INFOPLIST_KEY_CFBundleVersion = 7;
				IPHONEOS_DEPLOYMENT_TARGET = 15.0;
				MTL_ENABLE_DEBUG_INFO = NO;
				MTL_FAST_MATH = YES;
				SDKROOT = iphoneos;
				SWIFT_COMPILATION_MODE = wholemodule;
				SWIFT_OPTIMIZATION_LEVEL = "-O";
				VALIDATE_PRODUCT = YES;
			};
			name = Release;
		};
		D9FF5BA3268142B90027BD81 /* Debug */ = {
			isa = XCBuildConfiguration;
			buildSettings = {
				CODE_SIGN_ENTITLEMENTS = "Overamped Extension/Overamped Extension.entitlements";
				CODE_SIGN_IDENTITY = "Apple Development";
				CODE_SIGN_STYLE = Automatic;
				CURRENT_PROJECT_VERSION = 8;
				DEVELOPMENT_TEAM = HGVGKE57E6;
				GENERATE_INFOPLIST_FILE = YES;
				INFOPLIST_FILE = "Overamped Extension/Info.plist";
				INFOPLIST_KEY_CFBundleDisplayName = "Overamped Extension";
				INFOPLIST_KEY_CFBundleExecutable = "Overamped Extension";
				INFOPLIST_KEY_CFBundleName = "Overamped Extension";
				INFOPLIST_KEY_NSHumanReadableCopyright = "";
				IPHONEOS_DEPLOYMENT_TARGET = 15.0;
				LD_RUNPATH_SEARCH_PATHS = (
					"$(inherited)",
					"@executable_path/Frameworks",
					"@executable_path/../../Frameworks",
				);
				MARKETING_VERSION = 1.0;
				PRODUCT_BUNDLE_IDENTIFIER = net.yetii.Overamped.Extension;
				PRODUCT_NAME = "$(TARGET_NAME)";
				PROVISIONING_PROFILE_SPECIFIER = "";
				SKIP_INSTALL = YES;
				SWIFT_EMIT_LOC_STRINGS = YES;
				SWIFT_VERSION = 5.0;
				TARGETED_DEVICE_FAMILY = "1,2";
			};
			name = Debug;
		};
		D9FF5BA4268142B90027BD81 /* Release */ = {
			isa = XCBuildConfiguration;
			buildSettings = {
				CODE_SIGN_ENTITLEMENTS = "Overamped Extension/Overamped Extension.entitlements";
				CODE_SIGN_IDENTITY = "iPhone Distribution";
				CODE_SIGN_STYLE = Manual;
				CURRENT_PROJECT_VERSION = 8;
				DEVELOPMENT_TEAM = HGVGKE57E6;
				GENERATE_INFOPLIST_FILE = YES;
				INFOPLIST_FILE = "Overamped Extension/Info.plist";
				INFOPLIST_KEY_CFBundleDisplayName = "Overamped Extension";
				INFOPLIST_KEY_CFBundleExecutable = "Overamped Extension";
				INFOPLIST_KEY_CFBundleName = "Overamped Extension";
				INFOPLIST_KEY_NSHumanReadableCopyright = "";
				IPHONEOS_DEPLOYMENT_TARGET = 15.0;
				LD_RUNPATH_SEARCH_PATHS = (
					"$(inherited)",
					"@executable_path/Frameworks",
					"@executable_path/../../Frameworks",
				);
				MARKETING_VERSION = 1.0;
				PRODUCT_BUNDLE_IDENTIFIER = net.yetii.Overamped.Extension;
				PRODUCT_NAME = "$(TARGET_NAME)";
				PROVISIONING_PROFILE_SPECIFIER = "match AppStore net.yetii.Overamped.Extension";
				SKIP_INSTALL = YES;
				SWIFT_EMIT_LOC_STRINGS = YES;
				SWIFT_VERSION = 5.0;
				TARGETED_DEVICE_FAMILY = "1,2";
			};
			name = Release;
		};
		D9FF5BA7268142B90027BD81 /* Debug */ = {
			isa = XCBuildConfiguration;
			buildSettings = {
				ALWAYS_EMBED_SWIFT_STANDARD_LIBRARIES = YES;
				ASSETCATALOG_COMPILER_APPICON_NAME = AppIcon;
				ASSETCATALOG_COMPILER_GLOBAL_ACCENT_COLOR_NAME = AccentColor;
				CODE_SIGN_ENTITLEMENTS = Overamped/Overamped.entitlements;
				CODE_SIGN_IDENTITY = "Apple Development";
				CODE_SIGN_STYLE = Automatic;
				CURRENT_PROJECT_VERSION = 8;
				DEVELOPMENT_TEAM = HGVGKE57E6;
				GENERATE_INFOPLIST_FILE = YES;
				INFOPLIST_FILE = Overamped/Info.plist;
				INFOPLIST_KEY_CFBundleDisplayName = Overamped;
				INFOPLIST_KEY_CFBundleExecutable = Overamped;
				INFOPLIST_KEY_CFBundleName = Overamped;
				INFOPLIST_KEY_UIApplicationSupportsIndirectInputEvents = YES;
				INFOPLIST_KEY_UILaunchStoryboardName = LaunchScreen;
				INFOPLIST_KEY_UISupportedInterfaceOrientations = UIInterfaceOrientationPortrait;
				INFOPLIST_KEY_UISupportedInterfaceOrientations_iPad = "UIInterfaceOrientationPortrait UIInterfaceOrientationPortraitUpsideDown UIInterfaceOrientationLandscapeLeft UIInterfaceOrientationLandscapeRight";
				INFOPLIST_KEY_UISupportedInterfaceOrientations_iPhone = "UIInterfaceOrientationPortrait UIInterfaceOrientationLandscapeLeft UIInterfaceOrientationLandscapeRight";
				IPHONEOS_DEPLOYMENT_TARGET = 15.0;
				LD_RUNPATH_SEARCH_PATHS = (
					"$(inherited)",
					"@executable_path/Frameworks",
				);
				MARKETING_VERSION = 1.0;
				OTHER_LDFLAGS = (
					"-framework",
					WebKit,
				);
				PRODUCT_BUNDLE_IDENTIFIER = net.yetii.Overamped;
				PRODUCT_NAME = "$(TARGET_NAME)";
				PROVISIONING_PROFILE_SPECIFIER = "";
				SWIFT_EMIT_LOC_STRINGS = YES;
				SWIFT_VERSION = 5.0;
				TARGETED_DEVICE_FAMILY = "1,2";
			};
			name = Debug;
		};
		D9FF5BA8268142B90027BD81 /* Release */ = {
			isa = XCBuildConfiguration;
			buildSettings = {
				ALWAYS_EMBED_SWIFT_STANDARD_LIBRARIES = YES;
				ASSETCATALOG_COMPILER_APPICON_NAME = AppIcon;
				ASSETCATALOG_COMPILER_GLOBAL_ACCENT_COLOR_NAME = AccentColor;
				CODE_SIGN_ENTITLEMENTS = Overamped/Overamped.entitlements;
				CODE_SIGN_IDENTITY = "iPhone Distribution";
				CODE_SIGN_STYLE = Manual;
				CURRENT_PROJECT_VERSION = 8;
				DEVELOPMENT_TEAM = HGVGKE57E6;
				GENERATE_INFOPLIST_FILE = YES;
				INFOPLIST_FILE = Overamped/Info.plist;
				INFOPLIST_KEY_CFBundleDisplayName = Overamped;
				INFOPLIST_KEY_CFBundleExecutable = Overamped;
				INFOPLIST_KEY_CFBundleName = Overamped;
				INFOPLIST_KEY_UIApplicationSupportsIndirectInputEvents = YES;
				INFOPLIST_KEY_UILaunchStoryboardName = LaunchScreen;
				INFOPLIST_KEY_UISupportedInterfaceOrientations = UIInterfaceOrientationPortrait;
				INFOPLIST_KEY_UISupportedInterfaceOrientations_iPad = "UIInterfaceOrientationPortrait UIInterfaceOrientationPortraitUpsideDown UIInterfaceOrientationLandscapeLeft UIInterfaceOrientationLandscapeRight";
				INFOPLIST_KEY_UISupportedInterfaceOrientations_iPhone = "UIInterfaceOrientationPortrait UIInterfaceOrientationLandscapeLeft UIInterfaceOrientationLandscapeRight";
				IPHONEOS_DEPLOYMENT_TARGET = 15.0;
				LD_RUNPATH_SEARCH_PATHS = (
					"$(inherited)",
					"@executable_path/Frameworks",
				);
				MARKETING_VERSION = 1.0;
				OTHER_LDFLAGS = (
					"-framework",
					WebKit,
				);
				PRODUCT_BUNDLE_IDENTIFIER = net.yetii.Overamped;
				PRODUCT_NAME = "$(TARGET_NAME)";
				PROVISIONING_PROFILE_SPECIFIER = "match AppStore net.yetii.Overamped";
				SWIFT_EMIT_LOC_STRINGS = YES;
				SWIFT_VERSION = 5.0;
				TARGETED_DEVICE_FAMILY = "1,2";
			};
			name = Release;
		};
/* End XCBuildConfiguration section */

/* Begin XCConfigurationList section */
		D9B9D5942698B1F600F7D361 /* Build configuration list for PBXNativeTarget "Overamped Extension UI Tests" */ = {
			isa = XCConfigurationList;
			buildConfigurations = (
				D9B9D5952698B1F600F7D361 /* Debug */,
				D9B9D5962698B1F600F7D361 /* Release */,
			);
			defaultConfigurationIsVisible = 0;
			defaultConfigurationName = Release;
		};
		D9FF5B64268142B30027BD81 /* Build configuration list for PBXProject "Overamped" */ = {
			isa = XCConfigurationList;
			buildConfigurations = (
				D9FF5BA0268142B90027BD81 /* Debug */,
				D9FF5BA1268142B90027BD81 /* Release */,
			);
			defaultConfigurationIsVisible = 0;
			defaultConfigurationName = Release;
		};
		D9FF5BA2268142B90027BD81 /* Build configuration list for PBXNativeTarget "Overamped Extension" */ = {
			isa = XCConfigurationList;
			buildConfigurations = (
				D9FF5BA3268142B90027BD81 /* Debug */,
				D9FF5BA4268142B90027BD81 /* Release */,
			);
			defaultConfigurationIsVisible = 0;
			defaultConfigurationName = Release;
		};
		D9FF5BA6268142B90027BD81 /* Build configuration list for PBXNativeTarget "Overamped" */ = {
			isa = XCConfigurationList;
			buildConfigurations = (
				D9FF5BA7268142B90027BD81 /* Debug */,
				D9FF5BA8268142B90027BD81 /* Release */,
			);
			defaultConfigurationIsVisible = 0;
			defaultConfigurationName = Release;
		};
/* End XCConfigurationList section */

/* Begin XCRemoteSwiftPackageReference section */
		D9B8EC0426A3E42E00C1243E /* XCRemoteSwiftPackageReference "Persist" */ = {
			isa = XCRemoteSwiftPackageReference;
			repositoryURL = "https://github.com/JosephDuffy/Persist.git";
			requirement = {
				branch = "swiftui-support";
				kind = branch;
			};
		};
/* End XCRemoteSwiftPackageReference section */

/* Begin XCSwiftPackageProductDependency section */
		D994C64026A26C6E000649AA /* OverampedCore */ = {
			isa = XCSwiftPackageProductDependency;
			productName = OverampedCore;
		};
		D9B8EC0526A3E42E00C1243E /* Persist */ = {
			isa = XCSwiftPackageProductDependency;
			package = D9B8EC0426A3E42E00C1243E /* XCRemoteSwiftPackageReference "Persist" */;
			productName = Persist;
		};
/* End XCSwiftPackageProductDependency section */
	};
	rootObject = D9FF5B61268142B30027BD81 /* Project object */;
}
